// !$*UTF8*$!
{
	archiveVersion = 1;
	classes = {
	};
	objectVersion = 56;
	objects = {

/* Begin PBXBuildFile section */
		F71C5EF32B6BDE7F0025C1B8 /* SearchBar.swift in Sources */ = {isa = PBXBuildFile; fileRef = F71C5EF22B6BDE7F0025C1B8 /* SearchBar.swift */; };
		F75C8D312B506E3400C1D7EC /* AirBnbApp.swift in Sources */ = {isa = PBXBuildFile; fileRef = F75C8D302B506E3400C1D7EC /* AirBnbApp.swift */; };
		F75C8D332B506E3400C1D7EC /* ContentView.swift in Sources */ = {isa = PBXBuildFile; fileRef = F75C8D322B506E3400C1D7EC /* ContentView.swift */; };
		F75C8D352B506E3600C1D7EC /* Assets.xcassets in Resources */ = {isa = PBXBuildFile; fileRef = F75C8D342B506E3600C1D7EC /* Assets.xcassets */; };
		F75C8D382B506E3600C1D7EC /* Preview Assets.xcassets in Resources */ = {isa = PBXBuildFile; fileRef = F75C8D372B506E3600C1D7EC /* Preview Assets.xcassets */; };
		F75C8D4D2B506FD900C1D7EC /* ExploreView.swift in Sources */ = {isa = PBXBuildFile; fileRef = F75C8D4C2B506FD900C1D7EC /* ExploreView.swift */; };
		F75C8D4F2B50716C00C1D7EC /* ListingItemView.swift in Sources */ = {isa = PBXBuildFile; fileRef = F75C8D4E2B50716C00C1D7EC /* ListingItemView.swift */; };
/* End PBXBuildFile section */

/* Begin PBXFileReference section */
		F71C5EF22B6BDE7F0025C1B8 /* SearchBar.swift */ = {isa = PBXFileReference; lastKnownFileType = sourcecode.swift; path = SearchBar.swift; sourceTree = "<group>"; };
		F75C8D2D2B506E3400C1D7EC /* AirBnb.app */ = {isa = PBXFileReference; explicitFileType = wrapper.application; includeInIndex = 0; path = AirBnb.app; sourceTree = BUILT_PRODUCTS_DIR; };
		F75C8D302B506E3400C1D7EC /* AirBnbApp.swift */ = {isa = PBXFileReference; lastKnownFileType = sourcecode.swift; path = AirBnbApp.swift; sourceTree = "<group>"; };
		F75C8D322B506E3400C1D7EC /* ContentView.swift */ = {isa = PBXFileReference; lastKnownFileType = sourcecode.swift; path = ContentView.swift; sourceTree = "<group>"; };
		F75C8D342B506E3600C1D7EC /* Assets.xcassets */ = {isa = PBXFileReference; lastKnownFileType = folder.assetcatalog; path = Assets.xcassets; sourceTree = "<group>"; };
		F75C8D372B506E3600C1D7EC /* Preview Assets.xcassets */ = {isa = PBXFileReference; lastKnownFileType = folder.assetcatalog; path = "Preview Assets.xcassets"; sourceTree = "<group>"; };
		F75C8D4C2B506FD900C1D7EC /* ExploreView.swift */ = {isa = PBXFileReference; lastKnownFileType = sourcecode.swift; path = ExploreView.swift; sourceTree = "<group>"; };
		F75C8D4E2B50716C00C1D7EC /* ListingItemView.swift */ = {isa = PBXFileReference; lastKnownFileType = sourcecode.swift; path = ListingItemView.swift; sourceTree = "<group>"; };
/* End PBXFileReference section */

/* Begin PBXFrameworksBuildPhase section */
		F75C8D2A2B506E3400C1D7EC /* Frameworks */ = {
			isa = PBXFrameworksBuildPhase;
			buildActionMask = 2147483647;
			files = (
			);
			runOnlyForDeploymentPostprocessing = 0;
		};
/* End PBXFrameworksBuildPhase section */

/* Begin PBXGroup section */
		F75C8D242B506E3400C1D7EC = {
			isa = PBXGroup;
			children = (
				F75C8D2F2B506E3400C1D7EC /* AirBnb */,
				F75C8D2E2B506E3400C1D7EC /* Products */,
			);
			sourceTree = "<group>";
		};
		F75C8D2E2B506E3400C1D7EC /* Products */ = {
			isa = PBXGroup;
			children = (
				F75C8D2D2B506E3400C1D7EC /* AirBnb.app */,
			);
			name = Products;
			sourceTree = "<group>";
		};
		F75C8D2F2B506E3400C1D7EC /* AirBnb */ = {
			isa = PBXGroup;
			children = (
				F75C8D3E2B506E5900C1D7EC /* App */,
				F75C8D3F2B506E7200C1D7EC /* Core */,
				F75C8D402B506E7D00C1D7EC /* Extension */,
				F75C8D412B506E9A00C1D7EC /* Models */,
				F75C8D422B506EA700C1D7EC /* Utils */,
				F75C8D302B506E3400C1D7EC /* AirBnbApp.swift */,
				F75C8D322B506E3400C1D7EC /* ContentView.swift */,
				F75C8D342B506E3600C1D7EC /* Assets.xcassets */,
				F75C8D362B506E3600C1D7EC /* Preview Content */,
			);
			path = AirBnb;
			sourceTree = "<group>";
		};
		F75C8D362B506E3600C1D7EC /* Preview Content */ = {
			isa = PBXGroup;
			children = (
				F75C8D372B506E3600C1D7EC /* Preview Assets.xcassets */,
			);
			path = "Preview Content";
			sourceTree = "<group>";
		};
		F75C8D3E2B506E5900C1D7EC /* App */ = {
			isa = PBXGroup;
			children = (
			);
			path = App;
			sourceTree = "<group>";
		};
		F75C8D3F2B506E7200C1D7EC /* Core */ = {
			isa = PBXGroup;
			children = (
				F75C8D4B2B506F8400C1D7EC /* Explore */,
				F75C8D4A2B506F7500C1D7EC /* Listenings */,
				F75C8D492B506F6C00C1D7EC /* MapView */,
				F75C8D472B506F6200C1D7EC /* Profile */,
				F75C8D462B506F5B00C1D7EC /* Root */,
				F75C8D442B506F4000C1D7EC /* TabBar */,
				F75C8D432B506EBB00C1D7EC /* Wishlists */,
			);
			path = Core;
			sourceTree = "<group>";
		};
		F75C8D402B506E7D00C1D7EC /* Extension */ = {
			isa = PBXGroup;
			children = (
			);
			path = Extension;
			sourceTree = "<group>";
		};
		F75C8D412B506E9A00C1D7EC /* Models */ = {
			isa = PBXGroup;
			children = (
			);
			path = Models;
			sourceTree = "<group>";
		};
		F75C8D422B506EA700C1D7EC /* Utils */ = {
			isa = PBXGroup;
			children = (
			);
			path = Utils;
			sourceTree = "<group>";
		};
		F75C8D432B506EBB00C1D7EC /* Wishlists */ = {
			isa = PBXGroup;
			children = (
			);
			path = Wishlists;
			sourceTree = "<group>";
		};
		F75C8D442B506F4000C1D7EC /* TabBar */ = {
			isa = PBXGroup;
			children = (
			);
			path = TabBar;
			sourceTree = "<group>";
		};
		F75C8D462B506F5B00C1D7EC /* Root */ = {
			isa = PBXGroup;
			children = (
			);
			path = Root;
			sourceTree = "<group>";
		};
		F75C8D472B506F6200C1D7EC /* Profile */ = {
			isa = PBXGroup;
			children = (
			);
			path = Profile;
			sourceTree = "<group>";
		};
		F75C8D492B506F6C00C1D7EC /* MapView */ = {
			isa = PBXGroup;
			children = (
			);
			path = MapView;
			sourceTree = "<group>";
		};
		F75C8D4A2B506F7500C1D7EC /* Listenings */ = {
			isa = PBXGroup;
			children = (
				F75C8D4E2B50716C00C1D7EC /* ListingItemView.swift */,
			);
			path = Listenings;
			sourceTree = "<group>";
		};
		F75C8D4B2B506F8400C1D7EC /* Explore */ = {
			isa = PBXGroup;
			children = (
				F75C8D4C2B506FD900C1D7EC /* ExploreView.swift */,
				F71C5EF22B6BDE7F0025C1B8 /* SearchBar.swift */,
			);
			path = Explore;
			sourceTree = "<group>";
		};
/* End PBXGroup section */

/* Begin PBXNativeTarget section */
		F75C8D2C2B506E3400C1D7EC /* AirBnb */ = {
			isa = PBXNativeTarget;
			buildConfigurationList = F75C8D3B2B506E3600C1D7EC /* Build configuration list for PBXNativeTarget "AirBnb" */;
			buildPhases = (
				F75C8D292B506E3400C1D7EC /* Sources */,
				F75C8D2A2B506E3400C1D7EC /* Frameworks */,
				F75C8D2B2B506E3400C1D7EC /* Resources */,
			);
			buildRules = (
			);
			dependencies = (
			);
			name = AirBnb;
			productName = AirBnb;
			productReference = F75C8D2D2B506E3400C1D7EC /* AirBnb.app */;
			productType = "com.apple.product-type.application";
		};
/* End PBXNativeTarget section */

/* Begin PBXProject section */
		F75C8D252B506E3400C1D7EC /* Project object */ = {
			isa = PBXProject;
			attributes = {
				BuildIndependentTargetsInParallel = 1;
				LastSwiftUpdateCheck = 1520;
				LastUpgradeCheck = 1520;
				TargetAttributes = {
					F75C8D2C2B506E3400C1D7EC = {
						CreatedOnToolsVersion = 15.2;
					};
				};
			};
			buildConfigurationList = F75C8D282B506E3400C1D7EC /* Build configuration list for PBXProject "AirBnb" */;
			compatibilityVersion = "Xcode 14.0";
			developmentRegion = en;
			hasScannedForEncodings = 0;
			knownRegions = (
				en,
				Base,
			);
			mainGroup = F75C8D242B506E3400C1D7EC;
			productRefGroup = F75C8D2E2B506E3400C1D7EC /* Products */;
			projectDirPath = "";
			projectRoot = "";
			targets = (
				F75C8D2C2B506E3400C1D7EC /* AirBnb */,
			);
		};
/* End PBXProject section */

/* Begin PBXResourcesBuildPhase section */
		F75C8D2B2B506E3400C1D7EC /* Resources */ = {
			isa = PBXResourcesBuildPhase;
			buildActionMask = 2147483647;
			files = (
				F75C8D382B506E3600C1D7EC /* Preview Assets.xcassets in Resources */,
				F75C8D352B506E3600C1D7EC /* Assets.xcassets in Resources */,
			);
			runOnlyForDeploymentPostprocessing = 0;
		};
/* End PBXResourcesBuildPhase section */

/* Begin PBXSourcesBuildPhase section */
		F75C8D292B506E3400C1D7EC /* Sources */ = {
			isa = PBXSourcesBuildPhase;
			buildActionMask = 2147483647;
			files = (
				F75C8D332B506E3400C1D7EC /* ContentView.swift in Sources */,
				F75C8D4F2B50716C00C1D7EC /* ListingItemView.swift in Sources */,
				F71C5EF32B6BDE7F0025C1B8 /* SearchBar.swift in Sources */,
				F75C8D4D2B506FD900C1D7EC /* ExploreView.swift in Sources */,
				F75C8D312B506E3400C1D7EC /* AirBnbApp.swift in Sources */,
			);
			runOnlyForDeploymentPostprocessing = 0;
		};
/* End PBXSourcesBuildPhase section */

/* Begin XCBuildConfiguration section */
		F75C8D392B506E3600C1D7EC /* Debug */ = {
			isa = XCBuildConfiguration;
			buildSettings = {
				ALWAYS_SEARCH_USER_PATHS = NO;
				ASSETCATALOG_COMPILER_GENERATE_SWIFT_ASSET_SYMBOL_EXTENSIONS = YES;
				CLANG_ANALYZER_NONNULL = YES;
				CLANG_ANALYZER_NUMBER_OBJECT_CONVERSION = YES_AGGRESSIVE;
				CLANG_CXX_LANGUAGE_STANDARD = "gnu++20";
				CLANG_ENABLE_MODULES = YES;
				CLANG_ENABLE_OBJC_ARC = YES;
				CLANG_ENABLE_OBJC_WEAK = YES;
				CLANG_WARN_BLOCK_CAPTURE_AUTORELEASING = YES;
				CLANG_WARN_BOOL_CONVERSION = YES;
				CLANG_WARN_COMMA = YES;
				CLANG_WARN_CONSTANT_CONVERSION = YES;
				CLANG_WARN_DEPRECATED_OBJC_IMPLEMENTATIONS = YES;
				CLANG_WARN_DIRECT_OBJC_ISA_USAGE = YES_ERROR;
				CLANG_WARN_DOCUMENTATION_COMMENTS = YES;
				CLANG_WARN_EMPTY_BODY = YES;
				CLANG_WARN_ENUM_CONVERSION = YES;
				CLANG_WARN_INFINITE_RECURSION = YES;
				CLANG_WARN_INT_CONVERSION = YES;
				CLANG_WARN_NON_LITERAL_NULL_CONVERSION = YES;
				CLANG_WARN_OBJC_IMPLICIT_RETAIN_SELF = YES;
				CLANG_WARN_OBJC_LITERAL_CONVERSION = YES;
				CLANG_WARN_OBJC_ROOT_CLASS = YES_ERROR;
				CLANG_WARN_QUOTED_INCLUDE_IN_FRAMEWORK_HEADER = YES;
				CLANG_WARN_RANGE_LOOP_ANALYSIS = YES;
				CLANG_WARN_STRICT_PROTOTYPES = YES;
				CLANG_WARN_SUSPICIOUS_MOVE = YES;
				CLANG_WARN_UNGUARDED_AVAILABILITY = YES_AGGRESSIVE;
				CLANG_WARN_UNREACHABLE_CODE = YES;
				CLANG_WARN__DUPLICATE_METHOD_MATCH = YES;
				COPY_PHASE_STRIP = NO;
				DEBUG_INFORMATION_FORMAT = dwarf;
				ENABLE_STRICT_OBJC_MSGSEND = YES;
				ENABLE_TESTABILITY = YES;
				ENABLE_USER_SCRIPT_SANDBOXING = YES;
				GCC_C_LANGUAGE_STANDARD = gnu17;
				GCC_DYNAMIC_NO_PIC = NO;
				GCC_NO_COMMON_BLOCKS = YES;
				GCC_OPTIMIZATION_LEVEL = 0;
				GCC_PREPROCESSOR_DEFINITIONS = (
					"DEBUG=1",
					"$(inherited)",
				);
				GCC_WARN_64_TO_32_BIT_CONVERSION = YES;
				GCC_WARN_ABOUT_RETURN_TYPE = YES_ERROR;
				GCC_WARN_UNDECLARED_SELECTOR = YES;
				GCC_WARN_UNINITIALIZED_AUTOS = YES_AGGRESSIVE;
				GCC_WARN_UNUSED_FUNCTION = YES;
				GCC_WARN_UNUSED_VARIABLE = YES;
				IPHONEOS_DEPLOYMENT_TARGET = 17.2;
				LOCALIZATION_PREFERS_STRING_CATALOGS = YES;
				MTL_ENABLE_DEBUG_INFO = INCLUDE_SOURCE;
				MTL_FAST_MATH = YES;
				ONLY_ACTIVE_ARCH = YES;
				SDKROOT = iphoneos;
				SWIFT_ACTIVE_COMPILATION_CONDITIONS = "DEBUG $(inherited)";
				SWIFT_OPTIMIZATION_LEVEL = "-Onone";
			};
			name = Debug;
		};
		F75C8D3A2B506E3600C1D7EC /* Release */ = {
			isa = XCBuildConfiguration;
			buildSettings = {
				ALWAYS_SEARCH_USER_PATHS = NO;
				ASSETCATALOG_COMPILER_GENERATE_SWIFT_ASSET_SYMBOL_EXTENSIONS = YES;
				CLANG_ANALYZER_NONNULL = YES;
				CLANG_ANALYZER_NUMBER_OBJECT_CONVERSION = YES_AGGRESSIVE;
				CLANG_CXX_LANGUAGE_STANDARD = "gnu++20";
				CLANG_ENABLE_MODULES = YES;
				CLANG_ENABLE_OBJC_ARC = YES;
				CLANG_ENABLE_OBJC_WEAK = YES;
				CLANG_WARN_BLOCK_CAPTURE_AUTORELEASING = YES;
				CLANG_WARN_BOOL_CONVERSION = YES;
				CLANG_WARN_COMMA = YES;
				CLANG_WARN_CONSTANT_CONVERSION = YES;
				CLANG_WARN_DEPRECATED_OBJC_IMPLEMENTATIONS = YES;
				CLANG_WARN_DIRECT_OBJC_ISA_USAGE = YES_ERROR;
				CLANG_WARN_DOCUMENTATION_COMMENTS = YES;
				CLANG_WARN_EMPTY_BODY = YES;
				CLANG_WARN_ENUM_CONVERSION = YES;
				CLANG_WARN_INFINITE_RECURSION = YES;
				CLANG_WARN_INT_CONVERSION = YES;
				CLANG_WARN_NON_LITERAL_NULL_CONVERSION = YES;
				CLANG_WARN_OBJC_IMPLICIT_RETAIN_SELF = YES;
				CLANG_WARN_OBJC_LITERAL_CONVERSION = YES;
				CLANG_WARN_OBJC_ROOT_CLASS = YES_ERROR;
				CLANG_WARN_QUOTED_INCLUDE_IN_FRAMEWORK_HEADER = YES;
				CLANG_WARN_RANGE_LOOP_ANALYSIS = YES;
				CLANG_WARN_STRICT_PROTOTYPES = YES;
				CLANG_WARN_SUSPICIOUS_MOVE = YES;
				CLANG_WARN_UNGUARDED_AVAILABILITY = YES_AGGRESSIVE;
				CLANG_WARN_UNREACHABLE_CODE = YES;
				CLANG_WARN__DUPLICATE_METHOD_MATCH = YES;
				COPY_PHASE_STRIP = NO;
				DEBUG_INFORMATION_FORMAT = "dwarf-with-dsym";
				ENABLE_NS_ASSERTIONS = NO;
				ENABLE_STRICT_OBJC_MSGSEND = YES;
				ENABLE_USER_SCRIPT_SANDBOXING = YES;
				GCC_C_LANGUAGE_STANDARD = gnu17;
				GCC_NO_COMMON_BLOCKS = YES;
				GCC_WARN_64_TO_32_BIT_CONVERSION = YES;
				GCC_WARN_ABOUT_RETURN_TYPE = YES_ERROR;
				GCC_WARN_UNDECLARED_SELECTOR = YES;
				GCC_WARN_UNINITIALIZED_AUTOS = YES_AGGRESSIVE;
				GCC_WARN_UNUSED_FUNCTION = YES;
				GCC_WARN_UNUSED_VARIABLE = YES;
				IPHONEOS_DEPLOYMENT_TARGET = 17.2;
				LOCALIZATION_PREFERS_STRING_CATALOGS = YES;
				MTL_ENABLE_DEBUG_INFO = NO;
				MTL_FAST_MATH = YES;
				SDKROOT = iphoneos;
				SWIFT_COMPILATION_MODE = wholemodule;
				VALIDATE_PRODUCT = YES;
			};
			name = Release;
		};
		F75C8D3C2B506E3600C1D7EC /* Debug */ = {
			isa = XCBuildConfiguration;
			buildSettings = {
				ASSETCATALOG_COMPILER_APPICON_NAME = AppIcon;
				ASSETCATALOG_COMPILER_GLOBAL_ACCENT_COLOR_NAME = AccentColor;
				CODE_SIGN_STYLE = Automatic;
				CURRENT_PROJECT_VERSION = 1;
				DEVELOPMENT_ASSET_PATHS = "\"AirBnb/Preview Content\"";
				ENABLE_PREVIEWS = YES;
				GENERATE_INFOPLIST_FILE = YES;
				INFOPLIST_KEY_UIApplicationSceneManifest_Generation = YES;
				INFOPLIST_KEY_UIApplicationSupportsIndirectInputEvents = YES;
				INFOPLIST_KEY_UILaunchScreen_Generation = YES;
				INFOPLIST_KEY_UISupportedInterfaceOrientations_iPad = "UIInterfaceOrientationPortrait UIInterfaceOrientationPortraitUpsideDown UIInterfaceOrientationLandscapeLeft UIInterfaceOrientationLandscapeRight";
				INFOPLIST_KEY_UISupportedInterfaceOrientations_iPhone = "UIInterfaceOrientationPortrait UIInterfaceOrientationLandscapeLeft UIInterfaceOrientationLandscapeRight";
				LD_RUNPATH_SEARCH_PATHS = (
					"$(inherited)",
					"@executable_path/Frameworks",
				);
				MARKETING_VERSION = 1.0;
				PRODUCT_BUNDLE_IDENTIFIER = com.aniket.AirBnb;
				PRODUCT_NAME = "$(TARGET_NAME)";
				SWIFT_EMIT_LOC_STRINGS = YES;
				SWIFT_VERSION = 5.0;
				TARGETED_DEVICE_FAMILY = "1,2";
			};
			name = Debug;
		};
		F75C8D3D2B506E3600C1D7EC /* Release */ = {
			isa = XCBuildConfiguration;
			buildSettings = {
				ASSETCATALOG_COMPILER_APPICON_NAME = AppIcon;
				ASSETCATALOG_COMPILER_GLOBAL_ACCENT_COLOR_NAME = AccentColor;
				CODE_SIGN_STYLE = Automatic;
				CURRENT_PROJECT_VERSION = 1;
				DEVELOPMENT_ASSET_PATHS = "\"AirBnb/Preview Content\"";
				ENABLE_PREVIEWS = YES;
				GENERATE_INFOPLIST_FILE = YES;
				INFOPLIST_KEY_UIApplicationSceneManifest_Generation = YES;
				INFOPLIST_KEY_UIApplicationSupportsIndirectInputEvents = YES;
				INFOPLIST_KEY_UILaunchScreen_Generation = YES;
				INFOPLIST_KEY_UISupportedInterfaceOrientations_iPad = "UIInterfaceOrientationPortrait UIInterfaceOrientationPortraitUpsideDown UIInterfaceOrientationLandscapeLeft UIInterfaceOrientationLandscapeRight";
				INFOPLIST_KEY_UISupportedInterfaceOrientations_iPhone = "UIInterfaceOrientationPortrait UIInterfaceOrientationLandscapeLeft UIInterfaceOrientationLandscapeRight";
				LD_RUNPATH_SEARCH_PATHS = (
					"$(inherited)",
					"@executable_path/Frameworks",
				);
				MARKETING_VERSION = 1.0;
				PRODUCT_BUNDLE_IDENTIFIER = com.aniket.AirBnb;
				PRODUCT_NAME = "$(TARGET_NAME)";
				SWIFT_EMIT_LOC_STRINGS = YES;
				SWIFT_VERSION = 5.0;
				TARGETED_DEVICE_FAMILY = "1,2";
			};
			name = Release;
		};
/* End XCBuildConfiguration section */

/* Begin XCConfigurationList section */
		F75C8D282B506E3400C1D7EC /* Build configuration list for PBXProject "AirBnb" */ = {
			isa = XCConfigurationList;
			buildConfigurations = (
				F75C8D392B506E3600C1D7EC /* Debug */,
				F75C8D3A2B506E3600C1D7EC /* Release */,
			);
			defaultConfigurationIsVisible = 0;
			defaultConfigurationName = Release;
		};
		F75C8D3B2B506E3600C1D7EC /* Build configuration list for PBXNativeTarget "AirBnb" */ = {
			isa = XCConfigurationList;
			buildConfigurations = (
				F75C8D3C2B506E3600C1D7EC /* Debug */,
				F75C8D3D2B506E3600C1D7EC /* Release */,
			);
			defaultConfigurationIsVisible = 0;
			defaultConfigurationName = Release;
		};
/* End XCConfigurationList section */
	};
	rootObject = F75C8D252B506E3400C1D7EC /* Project object */;
}
