// !$*UTF8*$!
{
	archiveVersion = 1;
	classes = {
	};
	objectVersion = 56;
	objects = {

/* Begin PBXBuildFile section */
		F70D686F2BAB2969003E3EA7 /* FeedView.swift in Sources */ = {isa = PBXBuildFile; fileRef = F70D686E2BAB2969003E3EA7 /* FeedView.swift */; };
		F70D68712BAB2972003E3EA7 /* FeedCell.swift in Sources */ = {isa = PBXBuildFile; fileRef = F70D68702BAB2972003E3EA7 /* FeedCell.swift */; };
		F72AE8DC2BB7459700226140 /* AddEmailView.swift in Sources */ = {isa = PBXBuildFile; fileRef = F72AE8DB2BB7459700226140 /* AddEmailView.swift */; };
		F746C4632C208F7200C8213B /* CircularImageProfileView.swift in Sources */ = {isa = PBXBuildFile; fileRef = F746C4622C208F7200C8213B /* CircularImageProfileView.swift */; };
		F746C4652C20902200C8213B /* Kingfisher in Frameworks */ = {isa = PBXBuildFile; productRef = F746C4642C20902200C8213B /* Kingfisher */; };
		F75BA6412BA9D9F70094BEC4 /* InstagramApp.swift in Sources */ = {isa = PBXBuildFile; fileRef = F75BA6402BA9D9F70094BEC4 /* InstagramApp.swift */; };
		F75BA6432BA9D9F70094BEC4 /* ContentView.swift in Sources */ = {isa = PBXBuildFile; fileRef = F75BA6422BA9D9F70094BEC4 /* ContentView.swift */; };
		F75BA6452BA9D9F80094BEC4 /* Assets.xcassets in Resources */ = {isa = PBXBuildFile; fileRef = F75BA6442BA9D9F80094BEC4 /* Assets.xcassets */; };
		F75BA6482BA9D9F80094BEC4 /* Preview Assets.xcassets in Resources */ = {isa = PBXBuildFile; fileRef = F75BA6472BA9D9F80094BEC4 /* Preview Assets.xcassets */; };
		F75BA6522BA9D9F80094BEC4 /* InstagramTests.swift in Sources */ = {isa = PBXBuildFile; fileRef = F75BA6512BA9D9F80094BEC4 /* InstagramTests.swift */; };
		F75BA65C2BA9D9F80094BEC4 /* InstagramUITests.swift in Sources */ = {isa = PBXBuildFile; fileRef = F75BA65B2BA9D9F80094BEC4 /* InstagramUITests.swift */; };
		F75BA65E2BA9D9F80094BEC4 /* InstagramUITestsLaunchTests.swift in Sources */ = {isa = PBXBuildFile; fileRef = F75BA65D2BA9D9F80094BEC4 /* InstagramUITestsLaunchTests.swift */; };
		F763F90C2BFD158300162A5B /* EditProfileView.swift in Sources */ = {isa = PBXBuildFile; fileRef = F763F90B2BFD158300162A5B /* EditProfileView.swift */; };
		F763F9102BFD1C4A00162A5B /* EditProfileViewModel.swift in Sources */ = {isa = PBXBuildFile; fileRef = F763F90F2BFD1C4A00162A5B /* EditProfileViewModel.swift */; };
		F77165EB2C20B6A800BCDBE3 /* MainTabView.swift in Sources */ = {isa = PBXBuildFile; fileRef = F7AFB96A2BAAB93400D02061 /* MainTabView.swift */; };
		F77165EC2C20B6A800BCDBE3 /* MainTabView.swift in Sources */ = {isa = PBXBuildFile; fileRef = F7AFB96A2BAAB93400D02061 /* MainTabView.swift */; };
		F77165F22C20B9C500BCDBE3 /* UploadPostView.swift in Sources */ = {isa = PBXBuildFile; fileRef = F77165F12C20B9C500BCDBE3 /* UploadPostView.swift */; };
		F77165F62C20B9F800BCDBE3 /* UploadPostViewModel.swift in Sources */ = {isa = PBXBuildFile; fileRef = F77165F52C20B9F800BCDBE3 /* UploadPostViewModel.swift */; };
		F786234B2BF5F560000D1796 /* UserService.swift in Sources */ = {isa = PBXBuildFile; fileRef = F786234A2BF5F560000D1796 /* UserService.swift */; };
		F78B372A2BEFD4C800DB06E4 /* LoginViewModel.swift in Sources */ = {isa = PBXBuildFile; fileRef = F78B37292BEFD4C800DB06E4 /* LoginViewModel.swift */; };
		F78CF4442C1B4E28009ADDC9 /* ImageUploader.swift in Sources */ = {isa = PBXBuildFile; fileRef = F78CF4432C1B4E28009ADDC9 /* ImageUploader.swift */; };
		F799BEF52BF66BF000CF6858 /* SearchViewModel.swift in Sources */ = {isa = PBXBuildFile; fileRef = F799BEF42BF66BF000CF6858 /* SearchViewModel.swift */; };
		F7A1A4402BD2A9C400346004 /* IGTextFieldModifier.swift in Sources */ = {isa = PBXBuildFile; fileRef = F7A1A43F2BD2A9C400346004 /* IGTextFieldModifier.swift */; };
		F7A1A4422BD2AAA800346004 /* CreateUserNameView.swift in Sources */ = {isa = PBXBuildFile; fileRef = F7A1A4412BD2AAA800346004 /* CreateUserNameView.swift */; };
		F7A1A4442BD2B11700346004 /* CreatePasswordView.swift in Sources */ = {isa = PBXBuildFile; fileRef = F7A1A4432BD2B11700346004 /* CreatePasswordView.swift */; };
		F7A1A4462BD2B1D700346004 /* CompleteSignUpView.swift in Sources */ = {isa = PBXBuildFile; fileRef = F7A1A4452BD2B1D700346004 /* CompleteSignUpView.swift */; };
		F7A1A4482BD2B3A400346004 /* User.swift in Sources */ = {isa = PBXBuildFile; fileRef = F7A1A4472BD2B3A400346004 /* User.swift */; };
		F7AFB96B2BAAB93400D02061 /* MainTabView.swift in Sources */ = {isa = PBXBuildFile; fileRef = F7AFB96A2BAAB93400D02061 /* MainTabView.swift */; };
		F7AFB96D2BAABC1600D02061 /* ProfileView.swift in Sources */ = {isa = PBXBuildFile; fileRef = F7AFB96C2BAABC1600D02061 /* ProfileView.swift */; };
		F7AFB9702BAACA9900D02061 /* UserStatView.swift in Sources */ = {isa = PBXBuildFile; fileRef = F7AFB96F2BAACA9900D02061 /* UserStatView.swift */; };
		F7B694EB2BE0BDAA00778C21 /* AuthService.swift in Sources */ = {isa = PBXBuildFile; fileRef = F7B694EA2BE0BDAA00778C21 /* AuthService.swift */; };
		F7B694EF2BE0CF0000778C21 /* ContentViewModel.swift in Sources */ = {isa = PBXBuildFile; fileRef = F7B694EE2BE0CF0000778C21 /* ContentViewModel.swift */; };
		F7B694F22BE0FB5600778C21 /* RegistrationViewModel.swift in Sources */ = {isa = PBXBuildFile; fileRef = F7B694F12BE0FB5600778C21 /* RegistrationViewModel.swift */; };
		F7B694F42BE0FD3A00778C21 /* GoogleService-Info.plist in Resources */ = {isa = PBXBuildFile; fileRef = F7B694F32BE0FD3A00778C21 /* GoogleService-Info.plist */; };
		F7B694F52BE0FD3A00778C21 /* GoogleService-Info.plist in Resources */ = {isa = PBXBuildFile; fileRef = F7B694F32BE0FD3A00778C21 /* GoogleService-Info.plist */; };
		F7B694F62BE0FD3A00778C21 /* GoogleService-Info.plist in Resources */ = {isa = PBXBuildFile; fileRef = F7B694F32BE0FD3A00778C21 /* GoogleService-Info.plist */; };
		F7BD9C692BE01A4A00C0BAAE /* FirebaseAuth in Frameworks */ = {isa = PBXBuildFile; productRef = F7BD9C682BE01A4A00C0BAAE /* FirebaseAuth */; };
		F7BD9C6B2BE01A4A00C0BAAE /* FirebaseDatabase in Frameworks */ = {isa = PBXBuildFile; productRef = F7BD9C6A2BE01A4A00C0BAAE /* FirebaseDatabase */; };
		F7BD9C6D2BE01A4A00C0BAAE /* FirebaseFirestore in Frameworks */ = {isa = PBXBuildFile; productRef = F7BD9C6C2BE01A4A00C0BAAE /* FirebaseFirestore */; };
		F7BD9C6F2BE01A4A00C0BAAE /* FirebaseFirestoreSwift in Frameworks */ = {isa = PBXBuildFile; productRef = F7BD9C6E2BE01A4A00C0BAAE /* FirebaseFirestoreSwift */; };
		F7BD9C712BE01A4A00C0BAAE /* FirebaseStorage in Frameworks */ = {isa = PBXBuildFile; productRef = F7BD9C702BE01A4A00C0BAAE /* FirebaseStorage */; };
		F7C2B10F2BAD73CE0075CB59 /* LoginView.swift in Sources */ = {isa = PBXBuildFile; fileRef = F7C2B10E2BAD73CE0075CB59 /* LoginView.swift */; };
		F7F079502BAD5897001C5001 /* SearchView.swift in Sources */ = {isa = PBXBuildFile; fileRef = F7F0794F2BAD5897001C5001 /* SearchView.swift */; };
		F7F7F9BC2BDE307000B80634 /* CurrentUserProfileView.swift in Sources */ = {isa = PBXBuildFile; fileRef = F7F7F9BB2BDE307000B80634 /* CurrentUserProfileView.swift */; };
		F7F7F9C02BDE47FD00B80634 /* Post.swift in Sources */ = {isa = PBXBuildFile; fileRef = F7F7F9BF2BDE47FD00B80634 /* Post.swift */; };
		F7F7F9C22BDE4D3900B80634 /* PostGridView.swift in Sources */ = {isa = PBXBuildFile; fileRef = F7F7F9C12BDE4D3900B80634 /* PostGridView.swift */; };
		F7F7F9C42BDE4E6F00B80634 /* ProfileHeaderView.swift in Sources */ = {isa = PBXBuildFile; fileRef = F7F7F9C32BDE4E6F00B80634 /* ProfileHeaderView.swift */; };
/* End PBXBuildFile section */

/* Begin PBXContainerItemProxy section */
		F75BA64E2BA9D9F80094BEC4 /* PBXContainerItemProxy */ = {
			isa = PBXContainerItemProxy;
			containerPortal = F75BA6352BA9D9F70094BEC4 /* Project object */;
			proxyType = 1;
			remoteGlobalIDString = F75BA63C2BA9D9F70094BEC4;
			remoteInfo = Instagram;
		};
		F75BA6582BA9D9F80094BEC4 /* PBXContainerItemProxy */ = {
			isa = PBXContainerItemProxy;
			containerPortal = F75BA6352BA9D9F70094BEC4 /* Project object */;
			proxyType = 1;
			remoteGlobalIDString = F75BA63C2BA9D9F70094BEC4;
			remoteInfo = Instagram;
		};
/* End PBXContainerItemProxy section */

/* Begin PBXFileReference section */
		F70D686E2BAB2969003E3EA7 /* FeedView.swift */ = {isa = PBXFileReference; lastKnownFileType = sourcecode.swift; path = FeedView.swift; sourceTree = "<group>"; };
		F70D68702BAB2972003E3EA7 /* FeedCell.swift */ = {isa = PBXFileReference; lastKnownFileType = sourcecode.swift; path = FeedCell.swift; sourceTree = "<group>"; };
		F72AE8DB2BB7459700226140 /* AddEmailView.swift */ = {isa = PBXFileReference; lastKnownFileType = sourcecode.swift; path = AddEmailView.swift; sourceTree = "<group>"; };
		F746C4622C208F7200C8213B /* CircularImageProfileView.swift */ = {isa = PBXFileReference; lastKnownFileType = sourcecode.swift; path = CircularImageProfileView.swift; sourceTree = "<group>"; };
		F75BA63D2BA9D9F70094BEC4 /* Instagram.app */ = {isa = PBXFileReference; explicitFileType = wrapper.application; includeInIndex = 0; path = Instagram.app; sourceTree = BUILT_PRODUCTS_DIR; };
		F75BA6402BA9D9F70094BEC4 /* InstagramApp.swift */ = {isa = PBXFileReference; lastKnownFileType = sourcecode.swift; path = InstagramApp.swift; sourceTree = "<group>"; };
		F75BA6422BA9D9F70094BEC4 /* ContentView.swift */ = {isa = PBXFileReference; lastKnownFileType = sourcecode.swift; path = ContentView.swift; sourceTree = "<group>"; };
		F75BA6442BA9D9F80094BEC4 /* Assets.xcassets */ = {isa = PBXFileReference; lastKnownFileType = folder.assetcatalog; path = Assets.xcassets; sourceTree = "<group>"; };
		F75BA6472BA9D9F80094BEC4 /* Preview Assets.xcassets */ = {isa = PBXFileReference; lastKnownFileType = folder.assetcatalog; path = "Preview Assets.xcassets"; sourceTree = "<group>"; };
		F75BA64D2BA9D9F80094BEC4 /* InstagramTests.xctest */ = {isa = PBXFileReference; explicitFileType = wrapper.cfbundle; includeInIndex = 0; path = InstagramTests.xctest; sourceTree = BUILT_PRODUCTS_DIR; };
		F75BA6512BA9D9F80094BEC4 /* InstagramTests.swift */ = {isa = PBXFileReference; lastKnownFileType = sourcecode.swift; path = InstagramTests.swift; sourceTree = "<group>"; };
		F75BA6572BA9D9F80094BEC4 /* InstagramUITests.xctest */ = {isa = PBXFileReference; explicitFileType = wrapper.cfbundle; includeInIndex = 0; path = InstagramUITests.xctest; sourceTree = BUILT_PRODUCTS_DIR; };
		F75BA65B2BA9D9F80094BEC4 /* InstagramUITests.swift */ = {isa = PBXFileReference; lastKnownFileType = sourcecode.swift; path = InstagramUITests.swift; sourceTree = "<group>"; };
		F75BA65D2BA9D9F80094BEC4 /* InstagramUITestsLaunchTests.swift */ = {isa = PBXFileReference; lastKnownFileType = sourcecode.swift; path = InstagramUITestsLaunchTests.swift; sourceTree = "<group>"; };
		F763F90B2BFD158300162A5B /* EditProfileView.swift */ = {isa = PBXFileReference; lastKnownFileType = sourcecode.swift; path = EditProfileView.swift; sourceTree = "<group>"; };
		F763F90F2BFD1C4A00162A5B /* EditProfileViewModel.swift */ = {isa = PBXFileReference; lastKnownFileType = sourcecode.swift; path = EditProfileViewModel.swift; sourceTree = "<group>"; };
		F77165F12C20B9C500BCDBE3 /* UploadPostView.swift */ = {isa = PBXFileReference; lastKnownFileType = sourcecode.swift; path = UploadPostView.swift; sourceTree = "<group>"; };
		F77165F52C20B9F800BCDBE3 /* UploadPostViewModel.swift */ = {isa = PBXFileReference; lastKnownFileType = sourcecode.swift; path = UploadPostViewModel.swift; sourceTree = "<group>"; };
		F786234A2BF5F560000D1796 /* UserService.swift */ = {isa = PBXFileReference; lastKnownFileType = sourcecode.swift; path = UserService.swift; sourceTree = "<group>"; };
		F78B37292BEFD4C800DB06E4 /* LoginViewModel.swift */ = {isa = PBXFileReference; lastKnownFileType = sourcecode.swift; path = LoginViewModel.swift; sourceTree = "<group>"; };
		F78CF4432C1B4E28009ADDC9 /* ImageUploader.swift */ = {isa = PBXFileReference; lastKnownFileType = sourcecode.swift; path = ImageUploader.swift; sourceTree = "<group>"; };
		F799BEF42BF66BF000CF6858 /* SearchViewModel.swift */ = {isa = PBXFileReference; lastKnownFileType = sourcecode.swift; path = SearchViewModel.swift; sourceTree = "<group>"; };
		F7A1A43F2BD2A9C400346004 /* IGTextFieldModifier.swift */ = {isa = PBXFileReference; lastKnownFileType = sourcecode.swift; path = IGTextFieldModifier.swift; sourceTree = "<group>"; };
		F7A1A4412BD2AAA800346004 /* CreateUserNameView.swift */ = {isa = PBXFileReference; lastKnownFileType = sourcecode.swift; path = CreateUserNameView.swift; sourceTree = "<group>"; };
		F7A1A4432BD2B11700346004 /* CreatePasswordView.swift */ = {isa = PBXFileReference; lastKnownFileType = sourcecode.swift; path = CreatePasswordView.swift; sourceTree = "<group>"; };
		F7A1A4452BD2B1D700346004 /* CompleteSignUpView.swift */ = {isa = PBXFileReference; lastKnownFileType = sourcecode.swift; path = CompleteSignUpView.swift; sourceTree = "<group>"; };
		F7A1A4472BD2B3A400346004 /* User.swift */ = {isa = PBXFileReference; lastKnownFileType = sourcecode.swift; path = User.swift; sourceTree = "<group>"; };
		F7AFB96A2BAAB93400D02061 /* MainTabView.swift */ = {isa = PBXFileReference; lastKnownFileType = sourcecode.swift; path = MainTabView.swift; sourceTree = "<group>"; };
		F7AFB96C2BAABC1600D02061 /* ProfileView.swift */ = {isa = PBXFileReference; lastKnownFileType = sourcecode.swift; path = ProfileView.swift; sourceTree = "<group>"; };
		F7AFB96F2BAACA9900D02061 /* UserStatView.swift */ = {isa = PBXFileReference; lastKnownFileType = sourcecode.swift; path = UserStatView.swift; sourceTree = "<group>"; };
		F7B694EA2BE0BDAA00778C21 /* AuthService.swift */ = {isa = PBXFileReference; lastKnownFileType = sourcecode.swift; path = AuthService.swift; sourceTree = "<group>"; };
		F7B694EE2BE0CF0000778C21 /* ContentViewModel.swift */ = {isa = PBXFileReference; lastKnownFileType = sourcecode.swift; path = ContentViewModel.swift; sourceTree = "<group>"; };
		F7B694F12BE0FB5600778C21 /* RegistrationViewModel.swift */ = {isa = PBXFileReference; lastKnownFileType = sourcecode.swift; path = RegistrationViewModel.swift; sourceTree = "<group>"; };
		F7B694F32BE0FD3A00778C21 /* GoogleService-Info.plist */ = {isa = PBXFileReference; fileEncoding = 4; lastKnownFileType = text.plist.xml; path = "GoogleService-Info.plist"; sourceTree = "<group>"; };
		F7C2B10E2BAD73CE0075CB59 /* LoginView.swift */ = {isa = PBXFileReference; lastKnownFileType = sourcecode.swift; path = LoginView.swift; sourceTree = "<group>"; };
		F7F0794F2BAD5897001C5001 /* SearchView.swift */ = {isa = PBXFileReference; lastKnownFileType = sourcecode.swift; path = SearchView.swift; sourceTree = "<group>"; };
		F7F7F9BB2BDE307000B80634 /* CurrentUserProfileView.swift */ = {isa = PBXFileReference; lastKnownFileType = sourcecode.swift; path = CurrentUserProfileView.swift; sourceTree = "<group>"; };
		F7F7F9BF2BDE47FD00B80634 /* Post.swift */ = {isa = PBXFileReference; lastKnownFileType = sourcecode.swift; path = Post.swift; sourceTree = "<group>"; };
		F7F7F9C12BDE4D3900B80634 /* PostGridView.swift */ = {isa = PBXFileReference; lastKnownFileType = sourcecode.swift; path = PostGridView.swift; sourceTree = "<group>"; };
		F7F7F9C32BDE4E6F00B80634 /* ProfileHeaderView.swift */ = {isa = PBXFileReference; lastKnownFileType = sourcecode.swift; path = ProfileHeaderView.swift; sourceTree = "<group>"; };
/* End PBXFileReference section */

/* Begin PBXFrameworksBuildPhase section */
		F75BA63A2BA9D9F70094BEC4 /* Frameworks */ = {
			isa = PBXFrameworksBuildPhase;
			buildActionMask = 2147483647;
			files = (
				F746C4652C20902200C8213B /* Kingfisher in Frameworks */,
				F7BD9C6B2BE01A4A00C0BAAE /* FirebaseDatabase in Frameworks */,
				F7BD9C692BE01A4A00C0BAAE /* FirebaseAuth in Frameworks */,
				F7BD9C6D2BE01A4A00C0BAAE /* FirebaseFirestore in Frameworks */,
				F7BD9C712BE01A4A00C0BAAE /* FirebaseStorage in Frameworks */,
				F7BD9C6F2BE01A4A00C0BAAE /* FirebaseFirestoreSwift in Frameworks */,
			);
			runOnlyForDeploymentPostprocessing = 0;
		};
		F75BA64A2BA9D9F80094BEC4 /* Frameworks */ = {
			isa = PBXFrameworksBuildPhase;
			buildActionMask = 2147483647;
			files = (
			);
			runOnlyForDeploymentPostprocessing = 0;
		};
		F75BA6542BA9D9F80094BEC4 /* Frameworks */ = {
			isa = PBXFrameworksBuildPhase;
			buildActionMask = 2147483647;
			files = (
			);
			runOnlyForDeploymentPostprocessing = 0;
		};
/* End PBXFrameworksBuildPhase section */

/* Begin PBXGroup section */
		F75BA6342BA9D9F70094BEC4 = {
			isa = PBXGroup;
			children = (
				F7B694F32BE0FD3A00778C21 /* GoogleService-Info.plist */,
				F75BA63F2BA9D9F70094BEC4 /* Instagram */,
				F75BA6502BA9D9F80094BEC4 /* InstagramTests */,
				F75BA65A2BA9D9F80094BEC4 /* InstagramUITests */,
				F75BA63E2BA9D9F70094BEC4 /* Products */,
			);
			sourceTree = "<group>";
		};
		F75BA63E2BA9D9F70094BEC4 /* Products */ = {
			isa = PBXGroup;
			children = (
				F75BA63D2BA9D9F70094BEC4 /* Instagram.app */,
				F75BA64D2BA9D9F80094BEC4 /* InstagramTests.xctest */,
				F75BA6572BA9D9F80094BEC4 /* InstagramUITests.xctest */,
			);
			name = Products;
			sourceTree = "<group>";
		};
		F75BA63F2BA9D9F70094BEC4 /* Instagram */ = {
			isa = PBXGroup;
			children = (
				F7AFB95A2BAAB7EC00D02061 /* App */,
				F7AFB95B2BAAB7ED00D02061 /* Core */,
				F7AFB95C2BAAB7EE00D02061 /* Extension */,
				F7AFB95D2BAAB7EE00D02061 /* Model */,
				F7AFB95E2BAAB7F000D02061 /* Service */,
				F75BA6442BA9D9F80094BEC4 /* Assets.xcassets */,
				F75BA6462BA9D9F80094BEC4 /* Preview Content */,
			);
			path = Instagram;
			sourceTree = "<group>";
		};
		F75BA6462BA9D9F80094BEC4 /* Preview Content */ = {
			isa = PBXGroup;
			children = (
				F75BA6472BA9D9F80094BEC4 /* Preview Assets.xcassets */,
			);
			path = "Preview Content";
			sourceTree = "<group>";
		};
		F75BA6502BA9D9F80094BEC4 /* InstagramTests */ = {
			isa = PBXGroup;
			children = (
				F75BA6512BA9D9F80094BEC4 /* InstagramTests.swift */,
			);
			path = InstagramTests;
			sourceTree = "<group>";
		};
		F75BA65A2BA9D9F80094BEC4 /* InstagramUITests */ = {
			isa = PBXGroup;
			children = (
				F75BA65B2BA9D9F80094BEC4 /* InstagramUITests.swift */,
				F75BA65D2BA9D9F80094BEC4 /* InstagramUITestsLaunchTests.swift */,
			);
			path = InstagramUITests;
			sourceTree = "<group>";
		};
		F763F90D2BFD1C2200162A5B /* View */ = {
			isa = PBXGroup;
			children = (
				F7AFB96C2BAABC1600D02061 /* ProfileView.swift */,
				F7F7F9BB2BDE307000B80634 /* CurrentUserProfileView.swift */,
				F7F7F9C32BDE4E6F00B80634 /* ProfileHeaderView.swift */,
				F763F90B2BFD158300162A5B /* EditProfileView.swift */,
			);
			path = View;
			sourceTree = "<group>";
		};
		F763F90E2BFD1C2600162A5B /* ViewModel */ = {
			isa = PBXGroup;
			children = (
				F763F90F2BFD1C4A00162A5B /* EditProfileViewModel.swift */,
			);
			path = ViewModel;
			sourceTree = "<group>";
		};
		F77165F82C20BB0E00BCDBE3 /* View */ = {
			isa = PBXGroup;
			children = (
				F77165F12C20B9C500BCDBE3 /* UploadPostView.swift */,
			);
			path = View;
			sourceTree = "<group>";
		};
		F77165F92C20BB1B00BCDBE3 /* ViewModel */ = {
			isa = PBXGroup;
			children = (
				F77165F52C20B9F800BCDBE3 /* UploadPostViewModel.swift */,
			);
			path = ViewModel;
			sourceTree = "<group>";
		};
		F786234C2BF6060D000D1796 /* View */ = {
			isa = PBXGroup;
			children = (
				F7F0794F2BAD5897001C5001 /* SearchView.swift */,
			);
			path = View;
			sourceTree = "<group>";
		};
		F799BEF32BF66BD500CF6858 /* ViewModel */ = {
			isa = PBXGroup;
			children = (
				F799BEF42BF66BF000CF6858 /* SearchViewModel.swift */,
			);
			path = ViewModel;
			sourceTree = "<group>";
		};
		F7AFB95A2BAAB7EC00D02061 /* App */ = {
			isa = PBXGroup;
			children = (
				F75BA6402BA9D9F70094BEC4 /* InstagramApp.swift */,
			);
			path = App;
			sourceTree = "<group>";
		};
		F7AFB95B2BAAB7ED00D02061 /* Core */ = {
			isa = PBXGroup;
			children = (
				F7AFB95F2BAAB84600D02061 /* Authentication */,
				F7AFB96E2BAACA0F00D02061 /* Components */,
				F7AFB9602BAAB85000D02061 /* Feed */,
				F7AFB9612BAAB85400D02061 /* Profile */,
				F7AFB9672BAAB8C700D02061 /* Root */,
				F7AFB9682BAAB8CC00D02061 /* Search */,
				F7AFB9622BAAB86300D02061 /* TabBar */,
				F7AFB9692BAAB8DA00D02061 /* UploadPost */,
			);
			path = Core;
			sourceTree = "<group>";
		};
		F7AFB95C2BAAB7EE00D02061 /* Extension */ = {
			isa = PBXGroup;
			children = (
			);
			path = Extension;
			sourceTree = "<group>";
		};
		F7AFB95D2BAAB7EE00D02061 /* Model */ = {
			isa = PBXGroup;
			children = (
				F7A1A4472BD2B3A400346004 /* User.swift */,
				F7F7F9BF2BDE47FD00B80634 /* Post.swift */,
			);
			path = Model;
			sourceTree = "<group>";
		};
		F7AFB95E2BAAB7F000D02061 /* Service */ = {
			isa = PBXGroup;
			children = (
				F786234A2BF5F560000D1796 /* UserService.swift */,
				F78CF4432C1B4E28009ADDC9 /* ImageUploader.swift */,
			);
			path = Service;
			sourceTree = "<group>";
		};
		F7AFB95F2BAAB84600D02061 /* Authentication */ = {
			isa = PBXGroup;
			children = (
				F7B694E82BE0BD3E00778C21 /* View */,
				F7B694F02BE0FB1200778C21 /* ViewModel */,
				F7B694E92BE0BD9300778C21 /* Services */,
			);
			path = Authentication;
			sourceTree = "<group>";
		};
		F7AFB9602BAAB85000D02061 /* Feed */ = {
			isa = PBXGroup;
			children = (
				F70D686E2BAB2969003E3EA7 /* FeedView.swift */,
				F70D68702BAB2972003E3EA7 /* FeedCell.swift */,
			);
			path = Feed;
			sourceTree = "<group>";
		};
		F7AFB9612BAAB85400D02061 /* Profile */ = {
			isa = PBXGroup;
			children = (
				F763F90D2BFD1C2200162A5B /* View */,
				F763F90E2BFD1C2600162A5B /* ViewModel */,
			);
			path = Profile;
			sourceTree = "<group>";
		};
		F7AFB9622BAAB86300D02061 /* TabBar */ = {
			isa = PBXGroup;
			children = (
				F7AFB96A2BAAB93400D02061 /* MainTabView.swift */,
			);
			path = TabBar;
			sourceTree = "<group>";
		};
		F7AFB9672BAAB8C700D02061 /* Root */ = {
			isa = PBXGroup;
			children = (
				F7B694ED2BE0CEE900778C21 /* ViewModel */,
				F7B694EC2BE0CEE200778C21 /* View */,
			);
			path = Root;
			sourceTree = "<group>";
		};
		F7AFB9682BAAB8CC00D02061 /* Search */ = {
			isa = PBXGroup;
			children = (
				F786234C2BF6060D000D1796 /* View */,
				F799BEF32BF66BD500CF6858 /* ViewModel */,
			);
			path = Search;
			sourceTree = "<group>";
		};
		F7AFB9692BAAB8DA00D02061 /* UploadPost */ = {
			isa = PBXGroup;
			children = (
				F77165F82C20BB0E00BCDBE3 /* View */,
				F77165F92C20BB1B00BCDBE3 /* ViewModel */,
			);
			path = UploadPost;
			sourceTree = "<group>";
		};
		F7AFB96E2BAACA0F00D02061 /* Components */ = {
			isa = PBXGroup;
			children = (
				F7AFB96F2BAACA9900D02061 /* UserStatView.swift */,
				F7A1A43F2BD2A9C400346004 /* IGTextFieldModifier.swift */,
				F7F7F9C12BDE4D3900B80634 /* PostGridView.swift */,
				F746C4622C208F7200C8213B /* CircularImageProfileView.swift */,
			);
			path = Components;
			sourceTree = "<group>";
		};
		F7B694E82BE0BD3E00778C21 /* View */ = {
			isa = PBXGroup;
			children = (
				F7C2B10E2BAD73CE0075CB59 /* LoginView.swift */,
				F72AE8DB2BB7459700226140 /* AddEmailView.swift */,
				F7A1A4412BD2AAA800346004 /* CreateUserNameView.swift */,
				F7A1A4432BD2B11700346004 /* CreatePasswordView.swift */,
				F7A1A4452BD2B1D700346004 /* CompleteSignUpView.swift */,
			);
			path = View;
			sourceTree = "<group>";
		};
		F7B694E92BE0BD9300778C21 /* Services */ = {
			isa = PBXGroup;
			children = (
				F7B694EA2BE0BDAA00778C21 /* AuthService.swift */,
			);
			path = Services;
			sourceTree = "<group>";
		};
		F7B694EC2BE0CEE200778C21 /* View */ = {
			isa = PBXGroup;
			children = (
				F75BA6422BA9D9F70094BEC4 /* ContentView.swift */,
			);
			path = View;
			sourceTree = "<group>";
		};
		F7B694ED2BE0CEE900778C21 /* ViewModel */ = {
			isa = PBXGroup;
			children = (
				F7B694EE2BE0CF0000778C21 /* ContentViewModel.swift */,
			);
			path = ViewModel;
			sourceTree = "<group>";
		};
		F7B694F02BE0FB1200778C21 /* ViewModel */ = {
			isa = PBXGroup;
			children = (
				F7B694F12BE0FB5600778C21 /* RegistrationViewModel.swift */,
				F78B37292BEFD4C800DB06E4 /* LoginViewModel.swift */,
			);
			path = ViewModel;
			sourceTree = "<group>";
		};
/* End PBXGroup section */

/* Begin PBXNativeTarget section */
		F75BA63C2BA9D9F70094BEC4 /* Instagram */ = {
			isa = PBXNativeTarget;
			buildConfigurationList = F75BA6612BA9D9F80094BEC4 /* Build configuration list for PBXNativeTarget "Instagram" */;
			buildPhases = (
				F75BA6392BA9D9F70094BEC4 /* Sources */,
				F75BA63A2BA9D9F70094BEC4 /* Frameworks */,
				F75BA63B2BA9D9F70094BEC4 /* Resources */,
			);
			buildRules = (
			);
			dependencies = (
			);
			name = Instagram;
			packageProductDependencies = (
				F7BD9C682BE01A4A00C0BAAE /* FirebaseAuth */,
				F7BD9C6A2BE01A4A00C0BAAE /* FirebaseDatabase */,
				F7BD9C6C2BE01A4A00C0BAAE /* FirebaseFirestore */,
				F7BD9C6E2BE01A4A00C0BAAE /* FirebaseFirestoreSwift */,
				F7BD9C702BE01A4A00C0BAAE /* FirebaseStorage */,
				F746C4642C20902200C8213B /* Kingfisher */,
			);
			productName = Instagram;
			productReference = F75BA63D2BA9D9F70094BEC4 /* Instagram.app */;
			productType = "com.apple.product-type.application";
		};
		F75BA64C2BA9D9F80094BEC4 /* InstagramTests */ = {
			isa = PBXNativeTarget;
			buildConfigurationList = F75BA6642BA9D9F80094BEC4 /* Build configuration list for PBXNativeTarget "InstagramTests" */;
			buildPhases = (
				F75BA6492BA9D9F80094BEC4 /* Sources */,
				F75BA64A2BA9D9F80094BEC4 /* Frameworks */,
				F75BA64B2BA9D9F80094BEC4 /* Resources */,
			);
			buildRules = (
			);
			dependencies = (
				F75BA64F2BA9D9F80094BEC4 /* PBXTargetDependency */,
			);
			name = InstagramTests;
			productName = InstagramTests;
			productReference = F75BA64D2BA9D9F80094BEC4 /* InstagramTests.xctest */;
			productType = "com.apple.product-type.bundle.unit-test";
		};
		F75BA6562BA9D9F80094BEC4 /* InstagramUITests */ = {
			isa = PBXNativeTarget;
			buildConfigurationList = F75BA6672BA9D9F80094BEC4 /* Build configuration list for PBXNativeTarget "InstagramUITests" */;
			buildPhases = (
				F75BA6532BA9D9F80094BEC4 /* Sources */,
				F75BA6542BA9D9F80094BEC4 /* Frameworks */,
				F75BA6552BA9D9F80094BEC4 /* Resources */,
			);
			buildRules = (
			);
			dependencies = (
				F75BA6592BA9D9F80094BEC4 /* PBXTargetDependency */,
			);
			name = InstagramUITests;
			productName = InstagramUITests;
			productReference = F75BA6572BA9D9F80094BEC4 /* InstagramUITests.xctest */;
			productType = "com.apple.product-type.bundle.ui-testing";
		};
/* End PBXNativeTarget section */

/* Begin PBXProject section */
		F75BA6352BA9D9F70094BEC4 /* Project object */ = {
			isa = PBXProject;
			attributes = {
				BuildIndependentTargetsInParallel = 1;
				LastSwiftUpdateCheck = 1530;
				LastUpgradeCheck = 1530;
				TargetAttributes = {
					F75BA63C2BA9D9F70094BEC4 = {
						CreatedOnToolsVersion = 15.3;
					};
					F75BA64C2BA9D9F80094BEC4 = {
						CreatedOnToolsVersion = 15.3;
						TestTargetID = F75BA63C2BA9D9F70094BEC4;
					};
					F75BA6562BA9D9F80094BEC4 = {
						CreatedOnToolsVersion = 15.3;
						TestTargetID = F75BA63C2BA9D9F70094BEC4;
					};
				};
			};
			buildConfigurationList = F75BA6382BA9D9F70094BEC4 /* Build configuration list for PBXProject "Instagram" */;
			compatibilityVersion = "Xcode 14.0";
			developmentRegion = en;
			hasScannedForEncodings = 0;
			knownRegions = (
				en,
				Base,
			);
			mainGroup = F75BA6342BA9D9F70094BEC4;
			packageReferences = (
				F7BD9C672BE01A4A00C0BAAE /* XCRemoteSwiftPackageReference "firebase-ios-sdk" */,
				F746C4612C208F5E00C8213B /* XCRemoteSwiftPackageReference "Kingfisher" */,
			);
			productRefGroup = F75BA63E2BA9D9F70094BEC4 /* Products */;
			projectDirPath = "";
			projectRoot = "";
			targets = (
				F75BA63C2BA9D9F70094BEC4 /* Instagram */,
				F75BA64C2BA9D9F80094BEC4 /* InstagramTests */,
				F75BA6562BA9D9F80094BEC4 /* InstagramUITests */,
			);
		};
/* End PBXProject section */

/* Begin PBXResourcesBuildPhase section */
		F75BA63B2BA9D9F70094BEC4 /* Resources */ = {
			isa = PBXResourcesBuildPhase;
			buildActionMask = 2147483647;
			files = (
				F75BA6482BA9D9F80094BEC4 /* Preview Assets.xcassets in Resources */,
				F75BA6452BA9D9F80094BEC4 /* Assets.xcassets in Resources */,
				F7B694F42BE0FD3A00778C21 /* GoogleService-Info.plist in Resources */,
			);
			runOnlyForDeploymentPostprocessing = 0;
		};
		F75BA64B2BA9D9F80094BEC4 /* Resources */ = {
			isa = PBXResourcesBuildPhase;
			buildActionMask = 2147483647;
			files = (
				F7B694F52BE0FD3A00778C21 /* GoogleService-Info.plist in Resources */,
			);
			runOnlyForDeploymentPostprocessing = 0;
		};
		F75BA6552BA9D9F80094BEC4 /* Resources */ = {
			isa = PBXResourcesBuildPhase;
			buildActionMask = 2147483647;
			files = (
				F7B694F62BE0FD3A00778C21 /* GoogleService-Info.plist in Resources */,
			);
			runOnlyForDeploymentPostprocessing = 0;
		};
/* End PBXResourcesBuildPhase section */

/* Begin PBXSourcesBuildPhase section */
		F75BA6392BA9D9F70094BEC4 /* Sources */ = {
			isa = PBXSourcesBuildPhase;
			buildActionMask = 2147483647;
			files = (
				F70D68712BAB2972003E3EA7 /* FeedCell.swift in Sources */,
				F7AFB96D2BAABC1600D02061 /* ProfileView.swift in Sources */,
				F7A1A4422BD2AAA800346004 /* CreateUserNameView.swift in Sources */,
				F746C4632C208F7200C8213B /* CircularImageProfileView.swift in Sources */,
				F7F079502BAD5897001C5001 /* SearchView.swift in Sources */,
				F763F9102BFD1C4A00162A5B /* EditProfileViewModel.swift in Sources */,
				F7B694EB2BE0BDAA00778C21 /* AuthService.swift in Sources */,
				F786234B2BF5F560000D1796 /* UserService.swift in Sources */,
				F7F7F9C02BDE47FD00B80634 /* Post.swift in Sources */,
				F7C2B10F2BAD73CE0075CB59 /* LoginView.swift in Sources */,
				F7F7F9BC2BDE307000B80634 /* CurrentUserProfileView.swift in Sources */,
				F75BA6432BA9D9F70094BEC4 /* ContentView.swift in Sources */,
				F7F7F9C22BDE4D3900B80634 /* PostGridView.swift in Sources */,
				F72AE8DC2BB7459700226140 /* AddEmailView.swift in Sources */,
				F7B694EF2BE0CF0000778C21 /* ContentViewModel.swift in Sources */,
				F763F90C2BFD158300162A5B /* EditProfileView.swift in Sources */,
				F78B372A2BEFD4C800DB06E4 /* LoginViewModel.swift in Sources */,
				F78CF4442C1B4E28009ADDC9 /* ImageUploader.swift in Sources */,
				F7B694F22BE0FB5600778C21 /* RegistrationViewModel.swift in Sources */,
				F7F7F9C42BDE4E6F00B80634 /* ProfileHeaderView.swift in Sources */,
				F77165F22C20B9C500BCDBE3 /* UploadPostView.swift in Sources */,
				F7A1A4462BD2B1D700346004 /* CompleteSignUpView.swift in Sources */,
				F7A1A4482BD2B3A400346004 /* User.swift in Sources */,
				F75BA6412BA9D9F70094BEC4 /* InstagramApp.swift in Sources */,
				F7A1A4402BD2A9C400346004 /* IGTextFieldModifier.swift in Sources */,
				F7AFB9702BAACA9900D02061 /* UserStatView.swift in Sources */,
				F70D686F2BAB2969003E3EA7 /* FeedView.swift in Sources */,
				F799BEF52BF66BF000CF6858 /* SearchViewModel.swift in Sources */,
				F7AFB96B2BAAB93400D02061 /* MainTabView.swift in Sources */,
				F7A1A4442BD2B11700346004 /* CreatePasswordView.swift in Sources */,
				F77165F62C20B9F800BCDBE3 /* UploadPostViewModel.swift in Sources */,
			);
			runOnlyForDeploymentPostprocessing = 0;
		};
		F75BA6492BA9D9F80094BEC4 /* Sources */ = {
			isa = PBXSourcesBuildPhase;
			buildActionMask = 2147483647;
			files = (
				F75BA6522BA9D9F80094BEC4 /* InstagramTests.swift in Sources */,
				F77165EB2C20B6A800BCDBE3 /* MainTabView.swift in Sources */,
			);
			runOnlyForDeploymentPostprocessing = 0;
		};
		F75BA6532BA9D9F80094BEC4 /* Sources */ = {
			isa = PBXSourcesBuildPhase;
			buildActionMask = 2147483647;
			files = (
				F75BA65C2BA9D9F80094BEC4 /* InstagramUITests.swift in Sources */,
				F75BA65E2BA9D9F80094BEC4 /* InstagramUITestsLaunchTests.swift in Sources */,
				F77165EC2C20B6A800BCDBE3 /* MainTabView.swift in Sources */,
			);
			runOnlyForDeploymentPostprocessing = 0;
		};
/* End PBXSourcesBuildPhase section */

/* Begin PBXTargetDependency section */
		F75BA64F2BA9D9F80094BEC4 /* PBXTargetDependency */ = {
			isa = PBXTargetDependency;
			target = F75BA63C2BA9D9F70094BEC4 /* Instagram */;
			targetProxy = F75BA64E2BA9D9F80094BEC4 /* PBXContainerItemProxy */;
		};
		F75BA6592BA9D9F80094BEC4 /* PBXTargetDependency */ = {
			isa = PBXTargetDependency;
			target = F75BA63C2BA9D9F70094BEC4 /* Instagram */;
			targetProxy = F75BA6582BA9D9F80094BEC4 /* PBXContainerItemProxy */;
		};
/* End PBXTargetDependency section */

/* Begin XCBuildConfiguration section */
		F75BA65F2BA9D9F80094BEC4 /* Debug */ = {
			isa = XCBuildConfiguration;
			buildSettings = {
				ALWAYS_SEARCH_USER_PATHS = NO;
				ASSETCATALOG_COMPILER_GENERATE_SWIFT_ASSET_SYMBOL_EXTENSIONS = YES;
				CLANG_ANALYZER_NONNULL = YES;
				CLANG_ANALYZER_NUMBER_OBJECT_CONVERSION = YES_AGGRESSIVE;
				CLANG_CXX_LANGUAGE_STANDARD = "gnu++20";
				CLANG_ENABLE_MODULES = YES;
				CLANG_ENABLE_OBJC_ARC = YES;
				CLANG_ENABLE_OBJC_WEAK = YES;
				CLANG_WARN_BLOCK_CAPTURE_AUTORELEASING = YES;
				CLANG_WARN_BOOL_CONVERSION = YES;
				CLANG_WARN_COMMA = YES;
				CLANG_WARN_CONSTANT_CONVERSION = YES;
				CLANG_WARN_DEPRECATED_OBJC_IMPLEMENTATIONS = YES;
				CLANG_WARN_DIRECT_OBJC_ISA_USAGE = YES_ERROR;
				CLANG_WARN_DOCUMENTATION_COMMENTS = YES;
				CLANG_WARN_EMPTY_BODY = YES;
				CLANG_WARN_ENUM_CONVERSION = YES;
				CLANG_WARN_INFINITE_RECURSION = YES;
				CLANG_WARN_INT_CONVERSION = YES;
				CLANG_WARN_NON_LITERAL_NULL_CONVERSION = YES;
				CLANG_WARN_OBJC_IMPLICIT_RETAIN_SELF = YES;
				CLANG_WARN_OBJC_LITERAL_CONVERSION = YES;
				CLANG_WARN_OBJC_ROOT_CLASS = YES_ERROR;
				CLANG_WARN_QUOTED_INCLUDE_IN_FRAMEWORK_HEADER = YES;
				CLANG_WARN_RANGE_LOOP_ANALYSIS = YES;
				CLANG_WARN_STRICT_PROTOTYPES = YES;
				CLANG_WARN_SUSPICIOUS_MOVE = YES;
				CLANG_WARN_UNGUARDED_AVAILABILITY = YES_AGGRESSIVE;
				CLANG_WARN_UNREACHABLE_CODE = YES;
				CLANG_WARN__DUPLICATE_METHOD_MATCH = YES;
				COPY_PHASE_STRIP = NO;
				DEBUG_INFORMATION_FORMAT = dwarf;
				ENABLE_STRICT_OBJC_MSGSEND = YES;
				ENABLE_TESTABILITY = YES;
				ENABLE_USER_SCRIPT_SANDBOXING = YES;
				GCC_C_LANGUAGE_STANDARD = gnu17;
				GCC_DYNAMIC_NO_PIC = NO;
				GCC_NO_COMMON_BLOCKS = YES;
				GCC_OPTIMIZATION_LEVEL = 0;
				GCC_PREPROCESSOR_DEFINITIONS = (
					"DEBUG=1",
					"$(inherited)",
				);
				GCC_WARN_64_TO_32_BIT_CONVERSION = YES;
				GCC_WARN_ABOUT_RETURN_TYPE = YES_ERROR;
				GCC_WARN_UNDECLARED_SELECTOR = YES;
				GCC_WARN_UNINITIALIZED_AUTOS = YES_AGGRESSIVE;
				GCC_WARN_UNUSED_FUNCTION = YES;
				GCC_WARN_UNUSED_VARIABLE = YES;
				IPHONEOS_DEPLOYMENT_TARGET = 17.4;
				LOCALIZATION_PREFERS_STRING_CATALOGS = YES;
				MTL_ENABLE_DEBUG_INFO = INCLUDE_SOURCE;
				MTL_FAST_MATH = YES;
				ONLY_ACTIVE_ARCH = YES;
				SDKROOT = iphoneos;
				SWIFT_ACTIVE_COMPILATION_CONDITIONS = "DEBUG $(inherited)";
				SWIFT_OPTIMIZATION_LEVEL = "-Onone";
			};
			name = Debug;
		};
		F75BA6602BA9D9F80094BEC4 /* Release */ = {
			isa = XCBuildConfiguration;
			buildSettings = {
				ALWAYS_SEARCH_USER_PATHS = NO;
				ASSETCATALOG_COMPILER_GENERATE_SWIFT_ASSET_SYMBOL_EXTENSIONS = YES;
				CLANG_ANALYZER_NONNULL = YES;
				CLANG_ANALYZER_NUMBER_OBJECT_CONVERSION = YES_AGGRESSIVE;
				CLANG_CXX_LANGUAGE_STANDARD = "gnu++20";
				CLANG_ENABLE_MODULES = YES;
				CLANG_ENABLE_OBJC_ARC = YES;
				CLANG_ENABLE_OBJC_WEAK = YES;
				CLANG_WARN_BLOCK_CAPTURE_AUTORELEASING = YES;
				CLANG_WARN_BOOL_CONVERSION = YES;
				CLANG_WARN_COMMA = YES;
				CLANG_WARN_CONSTANT_CONVERSION = YES;
				CLANG_WARN_DEPRECATED_OBJC_IMPLEMENTATIONS = YES;
				CLANG_WARN_DIRECT_OBJC_ISA_USAGE = YES_ERROR;
				CLANG_WARN_DOCUMENTATION_COMMENTS = YES;
				CLANG_WARN_EMPTY_BODY = YES;
				CLANG_WARN_ENUM_CONVERSION = YES;
				CLANG_WARN_INFINITE_RECURSION = YES;
				CLANG_WARN_INT_CONVERSION = YES;
				CLANG_WARN_NON_LITERAL_NULL_CONVERSION = YES;
				CLANG_WARN_OBJC_IMPLICIT_RETAIN_SELF = YES;
				CLANG_WARN_OBJC_LITERAL_CONVERSION = YES;
				CLANG_WARN_OBJC_ROOT_CLASS = YES_ERROR;
				CLANG_WARN_QUOTED_INCLUDE_IN_FRAMEWORK_HEADER = YES;
				CLANG_WARN_RANGE_LOOP_ANALYSIS = YES;
				CLANG_WARN_STRICT_PROTOTYPES = YES;
				CLANG_WARN_SUSPICIOUS_MOVE = YES;
				CLANG_WARN_UNGUARDED_AVAILABILITY = YES_AGGRESSIVE;
				CLANG_WARN_UNREACHABLE_CODE = YES;
				CLANG_WARN__DUPLICATE_METHOD_MATCH = YES;
				COPY_PHASE_STRIP = NO;
				DEBUG_INFORMATION_FORMAT = "dwarf-with-dsym";
				ENABLE_NS_ASSERTIONS = NO;
				ENABLE_STRICT_OBJC_MSGSEND = YES;
				ENABLE_USER_SCRIPT_SANDBOXING = YES;
				GCC_C_LANGUAGE_STANDARD = gnu17;
				GCC_NO_COMMON_BLOCKS = YES;
				GCC_WARN_64_TO_32_BIT_CONVERSION = YES;
				GCC_WARN_ABOUT_RETURN_TYPE = YES_ERROR;
				GCC_WARN_UNDECLARED_SELECTOR = YES;
				GCC_WARN_UNINITIALIZED_AUTOS = YES_AGGRESSIVE;
				GCC_WARN_UNUSED_FUNCTION = YES;
				GCC_WARN_UNUSED_VARIABLE = YES;
				IPHONEOS_DEPLOYMENT_TARGET = 17.4;
				LOCALIZATION_PREFERS_STRING_CATALOGS = YES;
				MTL_ENABLE_DEBUG_INFO = NO;
				MTL_FAST_MATH = YES;
				SDKROOT = iphoneos;
				SWIFT_COMPILATION_MODE = wholemodule;
				VALIDATE_PRODUCT = YES;
			};
			name = Release;
		};
		F75BA6622BA9D9F80094BEC4 /* Debug */ = {
			isa = XCBuildConfiguration;
			buildSettings = {
				ASSETCATALOG_COMPILER_APPICON_NAME = AppIcon;
				ASSETCATALOG_COMPILER_GLOBAL_ACCENT_COLOR_NAME = AccentColor;
				CODE_SIGN_STYLE = Automatic;
				CURRENT_PROJECT_VERSION = 1;
				DEVELOPMENT_ASSET_PATHS = "\"Instagram/Preview Content\"";
				ENABLE_PREVIEWS = YES;
				GENERATE_INFOPLIST_FILE = YES;
				INFOPLIST_KEY_UIApplicationSceneManifest_Generation = YES;
				INFOPLIST_KEY_UIApplicationSupportsIndirectInputEvents = YES;
				INFOPLIST_KEY_UILaunchScreen_Generation = YES;
				INFOPLIST_KEY_UISupportedInterfaceOrientations_iPad = "UIInterfaceOrientationPortrait UIInterfaceOrientationPortraitUpsideDown UIInterfaceOrientationLandscapeLeft UIInterfaceOrientationLandscapeRight";
				INFOPLIST_KEY_UISupportedInterfaceOrientations_iPhone = "UIInterfaceOrientationPortrait UIInterfaceOrientationLandscapeLeft UIInterfaceOrientationLandscapeRight";
				LD_RUNPATH_SEARCH_PATHS = (
					"$(inherited)",
					"@executable_path/Frameworks",
				);
				MARKETING_VERSION = 1.0;
				PRODUCT_BUNDLE_IDENTIFIER = com.aniket.Instagram;
				PRODUCT_NAME = "$(TARGET_NAME)";
				SWIFT_EMIT_LOC_STRINGS = YES;
				SWIFT_VERSION = 5.0;
				TARGETED_DEVICE_FAMILY = "1,2";
			};
			name = Debug;
		};
		F75BA6632BA9D9F80094BEC4 /* Release */ = {
			isa = XCBuildConfiguration;
			buildSettings = {
				ASSETCATALOG_COMPILER_APPICON_NAME = AppIcon;
				ASSETCATALOG_COMPILER_GLOBAL_ACCENT_COLOR_NAME = AccentColor;
				CODE_SIGN_STYLE = Automatic;
				CURRENT_PROJECT_VERSION = 1;
				DEVELOPMENT_ASSET_PATHS = "\"Instagram/Preview Content\"";
				ENABLE_PREVIEWS = YES;
				GENERATE_INFOPLIST_FILE = YES;
				INFOPLIST_KEY_UIApplicationSceneManifest_Generation = YES;
				INFOPLIST_KEY_UIApplicationSupportsIndirectInputEvents = YES;
				INFOPLIST_KEY_UILaunchScreen_Generation = YES;
				INFOPLIST_KEY_UISupportedInterfaceOrientations_iPad = "UIInterfaceOrientationPortrait UIInterfaceOrientationPortraitUpsideDown UIInterfaceOrientationLandscapeLeft UIInterfaceOrientationLandscapeRight";
				INFOPLIST_KEY_UISupportedInterfaceOrientations_iPhone = "UIInterfaceOrientationPortrait UIInterfaceOrientationLandscapeLeft UIInterfaceOrientationLandscapeRight";
				LD_RUNPATH_SEARCH_PATHS = (
					"$(inherited)",
					"@executable_path/Frameworks",
				);
				MARKETING_VERSION = 1.0;
				PRODUCT_BUNDLE_IDENTIFIER = com.aniket.Instagram;
				PRODUCT_NAME = "$(TARGET_NAME)";
				SWIFT_EMIT_LOC_STRINGS = YES;
				SWIFT_VERSION = 5.0;
				TARGETED_DEVICE_FAMILY = "1,2";
			};
			name = Release;
		};
		F75BA6652BA9D9F80094BEC4 /* Debug */ = {
			isa = XCBuildConfiguration;
			buildSettings = {
				ALWAYS_EMBED_SWIFT_STANDARD_LIBRARIES = YES;
				BUNDLE_LOADER = "$(TEST_HOST)";
				CODE_SIGN_STYLE = Automatic;
				CURRENT_PROJECT_VERSION = 1;
				GENERATE_INFOPLIST_FILE = YES;
				IPHONEOS_DEPLOYMENT_TARGET = 17.4;
				MARKETING_VERSION = 1.0;
				PRODUCT_BUNDLE_IDENTIFIER = com.aniket.InstagramTests;
				PRODUCT_NAME = "$(TARGET_NAME)";
				SWIFT_EMIT_LOC_STRINGS = NO;
				SWIFT_VERSION = 5.0;
				TARGETED_DEVICE_FAMILY = "1,2";
				TEST_HOST = "$(BUILT_PRODUCTS_DIR)/Instagram.app/$(BUNDLE_EXECUTABLE_FOLDER_PATH)/Instagram";
			};
			name = Debug;
		};
		F75BA6662BA9D9F80094BEC4 /* Release */ = {
			isa = XCBuildConfiguration;
			buildSettings = {
				ALWAYS_EMBED_SWIFT_STANDARD_LIBRARIES = YES;
				BUNDLE_LOADER = "$(TEST_HOST)";
				CODE_SIGN_STYLE = Automatic;
				CURRENT_PROJECT_VERSION = 1;
				GENERATE_INFOPLIST_FILE = YES;
				IPHONEOS_DEPLOYMENT_TARGET = 17.4;
				MARKETING_VERSION = 1.0;
				PRODUCT_BUNDLE_IDENTIFIER = com.aniket.InstagramTests;
				PRODUCT_NAME = "$(TARGET_NAME)";
				SWIFT_EMIT_LOC_STRINGS = NO;
				SWIFT_VERSION = 5.0;
				TARGETED_DEVICE_FAMILY = "1,2";
				TEST_HOST = "$(BUILT_PRODUCTS_DIR)/Instagram.app/$(BUNDLE_EXECUTABLE_FOLDER_PATH)/Instagram";
			};
			name = Release;
		};
		F75BA6682BA9D9F80094BEC4 /* Debug */ = {
			isa = XCBuildConfiguration;
			buildSettings = {
				ALWAYS_EMBED_SWIFT_STANDARD_LIBRARIES = YES;
				CODE_SIGN_STYLE = Automatic;
				CURRENT_PROJECT_VERSION = 1;
				GENERATE_INFOPLIST_FILE = YES;
				MARKETING_VERSION = 1.0;
				PRODUCT_BUNDLE_IDENTIFIER = com.aniket.InstagramUITests;
				PRODUCT_NAME = "$(TARGET_NAME)";
				SWIFT_EMIT_LOC_STRINGS = NO;
				SWIFT_VERSION = 5.0;
				TARGETED_DEVICE_FAMILY = "1,2";
				TEST_TARGET_NAME = Instagram;
			};
			name = Debug;
		};
		F75BA6692BA9D9F80094BEC4 /* Release */ = {
			isa = XCBuildConfiguration;
			buildSettings = {
				ALWAYS_EMBED_SWIFT_STANDARD_LIBRARIES = YES;
				CODE_SIGN_STYLE = Automatic;
				CURRENT_PROJECT_VERSION = 1;
				GENERATE_INFOPLIST_FILE = YES;
				MARKETING_VERSION = 1.0;
				PRODUCT_BUNDLE_IDENTIFIER = com.aniket.InstagramUITests;
				PRODUCT_NAME = "$(TARGET_NAME)";
				SWIFT_EMIT_LOC_STRINGS = NO;
				SWIFT_VERSION = 5.0;
				TARGETED_DEVICE_FAMILY = "1,2";
				TEST_TARGET_NAME = Instagram;
			};
			name = Release;
		};
/* End XCBuildConfiguration section */

/* Begin XCConfigurationList section */
		F75BA6382BA9D9F70094BEC4 /* Build configuration list for PBXProject "Instagram" */ = {
			isa = XCConfigurationList;
			buildConfigurations = (
				F75BA65F2BA9D9F80094BEC4 /* Debug */,
				F75BA6602BA9D9F80094BEC4 /* Release */,
			);
			defaultConfigurationIsVisible = 0;
			defaultConfigurationName = Release;
		};
		F75BA6612BA9D9F80094BEC4 /* Build configuration list for PBXNativeTarget "Instagram" */ = {
			isa = XCConfigurationList;
			buildConfigurations = (
				F75BA6622BA9D9F80094BEC4 /* Debug */,
				F75BA6632BA9D9F80094BEC4 /* Release */,
			);
			defaultConfigurationIsVisible = 0;
			defaultConfigurationName = Release;
		};
		F75BA6642BA9D9F80094BEC4 /* Build configuration list for PBXNativeTarget "InstagramTests" */ = {
			isa = XCConfigurationList;
			buildConfigurations = (
				F75BA6652BA9D9F80094BEC4 /* Debug */,
				F75BA6662BA9D9F80094BEC4 /* Release */,
			);
			defaultConfigurationIsVisible = 0;
			defaultConfigurationName = Release;
		};
		F75BA6672BA9D9F80094BEC4 /* Build configuration list for PBXNativeTarget "InstagramUITests" */ = {
			isa = XCConfigurationList;
			buildConfigurations = (
				F75BA6682BA9D9F80094BEC4 /* Debug */,
				F75BA6692BA9D9F80094BEC4 /* Release */,
			);
			defaultConfigurationIsVisible = 0;
			defaultConfigurationName = Release;
		};
/* End XCConfigurationList section */

/* Begin XCRemoteSwiftPackageReference section */
		F746C4612C208F5E00C8213B /* XCRemoteSwiftPackageReference "Kingfisher" */ = {
			isa = XCRemoteSwiftPackageReference;
			repositoryURL = "https://github.com/onevcat/Kingfisher.git";
			requirement = {
				kind = upToNextMajorVersion;
				minimumVersion = 7.12.0;
			};
		};
		F7BD9C672BE01A4A00C0BAAE /* XCRemoteSwiftPackageReference "firebase-ios-sdk" */ = {
			isa = XCRemoteSwiftPackageReference;
			repositoryURL = "https://github.com/firebase/firebase-ios-sdk";
			requirement = {
				kind = upToNextMajorVersion;
				minimumVersion = 10.24.0;
			};
		};
/* End XCRemoteSwiftPackageReference section */

/* Begin XCSwiftPackageProductDependency section */
		F746C4642C20902200C8213B /* Kingfisher */ = {
			isa = XCSwiftPackageProductDependency;
			package = F746C4612C208F5E00C8213B /* XCRemoteSwiftPackageReference "Kingfisher" */;
			productName = Kingfisher;
		};
		F7BD9C682BE01A4A00C0BAAE /* FirebaseAuth */ = {
			isa = XCSwiftPackageProductDependency;
			package = F7BD9C672BE01A4A00C0BAAE /* XCRemoteSwiftPackageReference "firebase-ios-sdk" */;
			productName = FirebaseAuth;
		};
		F7BD9C6A2BE01A4A00C0BAAE /* FirebaseDatabase */ = {
			isa = XCSwiftPackageProductDependency;
			package = F7BD9C672BE01A4A00C0BAAE /* XCRemoteSwiftPackageReference "firebase-ios-sdk" */;
			productName = FirebaseDatabase;
		};
		F7BD9C6C2BE01A4A00C0BAAE /* FirebaseFirestore */ = {
			isa = XCSwiftPackageProductDependency;
			package = F7BD9C672BE01A4A00C0BAAE /* XCRemoteSwiftPackageReference "firebase-ios-sdk" */;
			productName = FirebaseFirestore;
		};
		F7BD9C6E2BE01A4A00C0BAAE /* FirebaseFirestoreSwift */ = {
			isa = XCSwiftPackageProductDependency;
			package = F7BD9C672BE01A4A00C0BAAE /* XCRemoteSwiftPackageReference "firebase-ios-sdk" */;
			productName = FirebaseFirestoreSwift;
		};
		F7BD9C702BE01A4A00C0BAAE /* FirebaseStorage */ = {
			isa = XCSwiftPackageProductDependency;
			package = F7BD9C672BE01A4A00C0BAAE /* XCRemoteSwiftPackageReference "firebase-ios-sdk" */;
			productName = FirebaseStorage;
		};
/* End XCSwiftPackageProductDependency section */
	};
	rootObject = F75BA6352BA9D9F70094BEC4 /* Project object */;
}
