// !$*UTF8*$!
{
	archiveVersion = 1;
	classes = {
	};
	objectVersion = 56;
	objects = {

/* Begin PBXBuildFile section */
		F75BA6412BA9D9F70094BEC4 /* InstagramApp.swift in Sources */ = {isa = PBXBuildFile; fileRef = F75BA6402BA9D9F70094BEC4 /* InstagramApp.swift */; };
		F75BA6432BA9D9F70094BEC4 /* ContentView.swift in Sources */ = {isa = PBXBuildFile; fileRef = F75BA6422BA9D9F70094BEC4 /* ContentView.swift */; };
		F75BA6452BA9D9F80094BEC4 /* Assets.xcassets in Resources */ = {isa = PBXBuildFile; fileRef = F75BA6442BA9D9F80094BEC4 /* Assets.xcassets */; };
		F75BA6482BA9D9F80094BEC4 /* Preview Assets.xcassets in Resources */ = {isa = PBXBuildFile; fileRef = F75BA6472BA9D9F80094BEC4 /* Preview Assets.xcassets */; };
		F75BA6522BA9D9F80094BEC4 /* InstagramTests.swift in Sources */ = {isa = PBXBuildFile; fileRef = F75BA6512BA9D9F80094BEC4 /* InstagramTests.swift */; };
		F75BA65C2BA9D9F80094BEC4 /* InstagramUITests.swift in Sources */ = {isa = PBXBuildFile; fileRef = F75BA65B2BA9D9F80094BEC4 /* InstagramUITests.swift */; };
		F75BA65E2BA9D9F80094BEC4 /* InstagramUITestsLaunchTests.swift in Sources */ = {isa = PBXBuildFile; fileRef = F75BA65D2BA9D9F80094BEC4 /* InstagramUITestsLaunchTests.swift */; };
		F7AFB96B2BAAB93400D02061 /* SwiftUIView.swift in Sources */ = {isa = PBXBuildFile; fileRef = F7AFB96A2BAAB93400D02061 /* SwiftUIView.swift */; };
		F7AFB96D2BAABC1600D02061 /* ProfileView.swift in Sources */ = {isa = PBXBuildFile; fileRef = F7AFB96C2BAABC1600D02061 /* ProfileView.swift */; };
		F7AFB9702BAACA9900D02061 /* UserStatView.swift in Sources */ = {isa = PBXBuildFile; fileRef = F7AFB96F2BAACA9900D02061 /* UserStatView.swift */; };
/* End PBXBuildFile section */

/* Begin PBXContainerItemProxy section */
		F75BA64E2BA9D9F80094BEC4 /* PBXContainerItemProxy */ = {
			isa = PBXContainerItemProxy;
			containerPortal = F75BA6352BA9D9F70094BEC4 /* Project object */;
			proxyType = 1;
			remoteGlobalIDString = F75BA63C2BA9D9F70094BEC4;
			remoteInfo = Instagram;
		};
		F75BA6582BA9D9F80094BEC4 /* PBXContainerItemProxy */ = {
			isa = PBXContainerItemProxy;
			containerPortal = F75BA6352BA9D9F70094BEC4 /* Project object */;
			proxyType = 1;
			remoteGlobalIDString = F75BA63C2BA9D9F70094BEC4;
			remoteInfo = Instagram;
		};
/* End PBXContainerItemProxy section */

/* Begin PBXFileReference section */
		F75BA63D2BA9D9F70094BEC4 /* Instagram.app */ = {isa = PBXFileReference; explicitFileType = wrapper.application; includeInIndex = 0; path = Instagram.app; sourceTree = BUILT_PRODUCTS_DIR; };
		F75BA6402BA9D9F70094BEC4 /* InstagramApp.swift */ = {isa = PBXFileReference; lastKnownFileType = sourcecode.swift; path = InstagramApp.swift; sourceTree = "<group>"; };
		F75BA6422BA9D9F70094BEC4 /* ContentView.swift */ = {isa = PBXFileReference; lastKnownFileType = sourcecode.swift; path = ContentView.swift; sourceTree = "<group>"; };
		F75BA6442BA9D9F80094BEC4 /* Assets.xcassets */ = {isa = PBXFileReference; lastKnownFileType = folder.assetcatalog; path = Assets.xcassets; sourceTree = "<group>"; };
		F75BA6472BA9D9F80094BEC4 /* Preview Assets.xcassets */ = {isa = PBXFileReference; lastKnownFileType = folder.assetcatalog; path = "Preview Assets.xcassets"; sourceTree = "<group>"; };
		F75BA64D2BA9D9F80094BEC4 /* InstagramTests.xctest */ = {isa = PBXFileReference; explicitFileType = wrapper.cfbundle; includeInIndex = 0; path = InstagramTests.xctest; sourceTree = BUILT_PRODUCTS_DIR; };
		F75BA6512BA9D9F80094BEC4 /* InstagramTests.swift */ = {isa = PBXFileReference; lastKnownFileType = sourcecode.swift; path = InstagramTests.swift; sourceTree = "<group>"; };
		F75BA6572BA9D9F80094BEC4 /* InstagramUITests.xctest */ = {isa = PBXFileReference; explicitFileType = wrapper.cfbundle; includeInIndex = 0; path = InstagramUITests.xctest; sourceTree = BUILT_PRODUCTS_DIR; };
		F75BA65B2BA9D9F80094BEC4 /* InstagramUITests.swift */ = {isa = PBXFileReference; lastKnownFileType = sourcecode.swift; path = InstagramUITests.swift; sourceTree = "<group>"; };
		F75BA65D2BA9D9F80094BEC4 /* InstagramUITestsLaunchTests.swift */ = {isa = PBXFileReference; lastKnownFileType = sourcecode.swift; path = InstagramUITestsLaunchTests.swift; sourceTree = "<group>"; };
		F7AFB96A2BAAB93400D02061 /* SwiftUIView.swift */ = {isa = PBXFileReference; lastKnownFileType = sourcecode.swift; path = SwiftUIView.swift; sourceTree = "<group>"; };
		F7AFB96C2BAABC1600D02061 /* ProfileView.swift */ = {isa = PBXFileReference; lastKnownFileType = sourcecode.swift; path = ProfileView.swift; sourceTree = "<group>"; };
		F7AFB96F2BAACA9900D02061 /* UserStatView.swift */ = {isa = PBXFileReference; lastKnownFileType = sourcecode.swift; path = UserStatView.swift; sourceTree = "<group>"; };
/* End PBXFileReference section */

/* Begin PBXFrameworksBuildPhase section */
		F75BA63A2BA9D9F70094BEC4 /* Frameworks */ = {
			isa = PBXFrameworksBuildPhase;
			buildActionMask = 2147483647;
			files = (
			);
			runOnlyForDeploymentPostprocessing = 0;
		};
		F75BA64A2BA9D9F80094BEC4 /* Frameworks */ = {
			isa = PBXFrameworksBuildPhase;
			buildActionMask = 2147483647;
			files = (
			);
			runOnlyForDeploymentPostprocessing = 0;
		};
		F75BA6542BA9D9F80094BEC4 /* Frameworks */ = {
			isa = PBXFrameworksBuildPhase;
			buildActionMask = 2147483647;
			files = (
			);
			runOnlyForDeploymentPostprocessing = 0;
		};
/* End PBXFrameworksBuildPhase section */

/* Begin PBXGroup section */
		F75BA6342BA9D9F70094BEC4 = {
			isa = PBXGroup;
			children = (
				F75BA63F2BA9D9F70094BEC4 /* Instagram */,
				F75BA6502BA9D9F80094BEC4 /* InstagramTests */,
				F75BA65A2BA9D9F80094BEC4 /* InstagramUITests */,
				F75BA63E2BA9D9F70094BEC4 /* Products */,
			);
			sourceTree = "<group>";
		};
		F75BA63E2BA9D9F70094BEC4 /* Products */ = {
			isa = PBXGroup;
			children = (
				F75BA63D2BA9D9F70094BEC4 /* Instagram.app */,
				F75BA64D2BA9D9F80094BEC4 /* InstagramTests.xctest */,
				F75BA6572BA9D9F80094BEC4 /* InstagramUITests.xctest */,
			);
			name = Products;
			sourceTree = "<group>";
		};
		F75BA63F2BA9D9F70094BEC4 /* Instagram */ = {
			isa = PBXGroup;
			children = (
				F7AFB95A2BAAB7EC00D02061 /* App */,
				F7AFB95B2BAAB7ED00D02061 /* Core */,
				F7AFB95C2BAAB7EE00D02061 /* Extension */,
				F7AFB95D2BAAB7EE00D02061 /* Model */,
				F7AFB95E2BAAB7F000D02061 /* Service */,
				F75BA6422BA9D9F70094BEC4 /* ContentView.swift */,
				F75BA6442BA9D9F80094BEC4 /* Assets.xcassets */,
				F75BA6462BA9D9F80094BEC4 /* Preview Content */,
			);
			path = Instagram;
			sourceTree = "<group>";
		};
		F75BA6462BA9D9F80094BEC4 /* Preview Content */ = {
			isa = PBXGroup;
			children = (
				F75BA6472BA9D9F80094BEC4 /* Preview Assets.xcassets */,
			);
			path = "Preview Content";
			sourceTree = "<group>";
		};
		F75BA6502BA9D9F80094BEC4 /* InstagramTests */ = {
			isa = PBXGroup;
			children = (
				F75BA6512BA9D9F80094BEC4 /* InstagramTests.swift */,
			);
			path = InstagramTests;
			sourceTree = "<group>";
		};
		F75BA65A2BA9D9F80094BEC4 /* InstagramUITests */ = {
			isa = PBXGroup;
			children = (
				F75BA65B2BA9D9F80094BEC4 /* InstagramUITests.swift */,
				F75BA65D2BA9D9F80094BEC4 /* InstagramUITestsLaunchTests.swift */,
			);
			path = InstagramUITests;
			sourceTree = "<group>";
		};
		F7AFB95A2BAAB7EC00D02061 /* App */ = {
			isa = PBXGroup;
			children = (
				F75BA6402BA9D9F70094BEC4 /* InstagramApp.swift */,
			);
			path = App;
			sourceTree = "<group>";
		};
		F7AFB95B2BAAB7ED00D02061 /* Core */ = {
			isa = PBXGroup;
			children = (
				F7AFB95F2BAAB84600D02061 /* Authentication */,
				F7AFB96E2BAACA0F00D02061 /* Components */,
				F7AFB9602BAAB85000D02061 /* Feed */,
				F7AFB9612BAAB85400D02061 /* Profile */,
				F7AFB9672BAAB8C700D02061 /* Root */,
				F7AFB9682BAAB8CC00D02061 /* Search */,
				F7AFB9622BAAB86300D02061 /* TabBar */,
				F7AFB9692BAAB8DA00D02061 /* UploadPost */,
			);
			path = Core;
			sourceTree = "<group>";
		};
		F7AFB95C2BAAB7EE00D02061 /* Extension */ = {
			isa = PBXGroup;
			children = (
			);
			path = Extension;
			sourceTree = "<group>";
		};
		F7AFB95D2BAAB7EE00D02061 /* Model */ = {
			isa = PBXGroup;
			children = (
			);
			path = Model;
			sourceTree = "<group>";
		};
		F7AFB95E2BAAB7F000D02061 /* Service */ = {
			isa = PBXGroup;
			children = (
			);
			path = Service;
			sourceTree = "<group>";
		};
		F7AFB95F2BAAB84600D02061 /* Authentication */ = {
			isa = PBXGroup;
			children = (
			);
			path = Authentication;
			sourceTree = "<group>";
		};
		F7AFB9602BAAB85000D02061 /* Feed */ = {
			isa = PBXGroup;
			children = (
			);
			path = Feed;
			sourceTree = "<group>";
		};
		F7AFB9612BAAB85400D02061 /* Profile */ = {
			isa = PBXGroup;
			children = (
				F7AFB96C2BAABC1600D02061 /* ProfileView.swift */,
			);
			path = Profile;
			sourceTree = "<group>";
		};
		F7AFB9622BAAB86300D02061 /* TabBar */ = {
			isa = PBXGroup;
			children = (
				F7AFB96A2BAAB93400D02061 /* SwiftUIView.swift */,
			);
			path = TabBar;
			sourceTree = "<group>";
		};
		F7AFB9672BAAB8C700D02061 /* Root */ = {
			isa = PBXGroup;
			children = (
			);
			path = Root;
			sourceTree = "<group>";
		};
		F7AFB9682BAAB8CC00D02061 /* Search */ = {
			isa = PBXGroup;
			children = (
			);
			path = Search;
			sourceTree = "<group>";
		};
		F7AFB9692BAAB8DA00D02061 /* UploadPost */ = {
			isa = PBXGroup;
			children = (
			);
			path = UploadPost;
			sourceTree = "<group>";
		};
		F7AFB96E2BAACA0F00D02061 /* Components */ = {
			isa = PBXGroup;
			children = (
				F7AFB96F2BAACA9900D02061 /* UserStatView.swift */,
			);
			path = Components;
			sourceTree = "<group>";
		};
/* End PBXGroup section */

/* Begin PBXNativeTarget section */
		F75BA63C2BA9D9F70094BEC4 /* Instagram */ = {
			isa = PBXNativeTarget;
			buildConfigurationList = F75BA6612BA9D9F80094BEC4 /* Build configuration list for PBXNativeTarget "Instagram" */;
			buildPhases = (
				F75BA6392BA9D9F70094BEC4 /* Sources */,
				F75BA63A2BA9D9F70094BEC4 /* Frameworks */,
				F75BA63B2BA9D9F70094BEC4 /* Resources */,
			);
			buildRules = (
			);
			dependencies = (
			);
			name = Instagram;
			productName = Instagram;
			productReference = F75BA63D2BA9D9F70094BEC4 /* Instagram.app */;
			productType = "com.apple.product-type.application";
		};
		F75BA64C2BA9D9F80094BEC4 /* InstagramTests */ = {
			isa = PBXNativeTarget;
			buildConfigurationList = F75BA6642BA9D9F80094BEC4 /* Build configuration list for PBXNativeTarget "InstagramTests" */;
			buildPhases = (
				F75BA6492BA9D9F80094BEC4 /* Sources */,
				F75BA64A2BA9D9F80094BEC4 /* Frameworks */,
				F75BA64B2BA9D9F80094BEC4 /* Resources */,
			);
			buildRules = (
			);
			dependencies = (
				F75BA64F2BA9D9F80094BEC4 /* PBXTargetDependency */,
			);
			name = InstagramTests;
			productName = InstagramTests;
			productReference = F75BA64D2BA9D9F80094BEC4 /* InstagramTests.xctest */;
			productType = "com.apple.product-type.bundle.unit-test";
		};
		F75BA6562BA9D9F80094BEC4 /* InstagramUITests */ = {
			isa = PBXNativeTarget;
			buildConfigurationList = F75BA6672BA9D9F80094BEC4 /* Build configuration list for PBXNativeTarget "InstagramUITests" */;
			buildPhases = (
				F75BA6532BA9D9F80094BEC4 /* Sources */,
				F75BA6542BA9D9F80094BEC4 /* Frameworks */,
				F75BA6552BA9D9F80094BEC4 /* Resources */,
			);
			buildRules = (
			);
			dependencies = (
				F75BA6592BA9D9F80094BEC4 /* PBXTargetDependency */,
			);
			name = InstagramUITests;
			productName = InstagramUITests;
			productReference = F75BA6572BA9D9F80094BEC4 /* InstagramUITests.xctest */;
			productType = "com.apple.product-type.bundle.ui-testing";
		};
/* End PBXNativeTarget section */

/* Begin PBXProject section */
		F75BA6352BA9D9F70094BEC4 /* Project object */ = {
			isa = PBXProject;
			attributes = {
				BuildIndependentTargetsInParallel = 1;
				LastSwiftUpdateCheck = 1530;
				LastUpgradeCheck = 1530;
				TargetAttributes = {
					F75BA63C2BA9D9F70094BEC4 = {
						CreatedOnToolsVersion = 15.3;
					};
					F75BA64C2BA9D9F80094BEC4 = {
						CreatedOnToolsVersion = 15.3;
						TestTargetID = F75BA63C2BA9D9F70094BEC4;
					};
					F75BA6562BA9D9F80094BEC4 = {
						CreatedOnToolsVersion = 15.3;
						TestTargetID = F75BA63C2BA9D9F70094BEC4;
					};
				};
			};
			buildConfigurationList = F75BA6382BA9D9F70094BEC4 /* Build configuration list for PBXProject "Instagram" */;
			compatibilityVersion = "Xcode 14.0";
			developmentRegion = en;
			hasScannedForEncodings = 0;
			knownRegions = (
				en,
				Base,
			);
			mainGroup = F75BA6342BA9D9F70094BEC4;
			productRefGroup = F75BA63E2BA9D9F70094BEC4 /* Products */;
			projectDirPath = "";
			projectRoot = "";
			targets = (
				F75BA63C2BA9D9F70094BEC4 /* Instagram */,
				F75BA64C2BA9D9F80094BEC4 /* InstagramTests */,
				F75BA6562BA9D9F80094BEC4 /* InstagramUITests */,
			);
		};
/* End PBXProject section */

/* Begin PBXResourcesBuildPhase section */
		F75BA63B2BA9D9F70094BEC4 /* Resources */ = {
			isa = PBXResourcesBuildPhase;
			buildActionMask = 2147483647;
			files = (
				F75BA6482BA9D9F80094BEC4 /* Preview Assets.xcassets in Resources */,
				F75BA6452BA9D9F80094BEC4 /* Assets.xcassets in Resources */,
			);
			runOnlyForDeploymentPostprocessing = 0;
		};
		F75BA64B2BA9D9F80094BEC4 /* Resources */ = {
			isa = PBXResourcesBuildPhase;
			buildActionMask = 2147483647;
			files = (
			);
			runOnlyForDeploymentPostprocessing = 0;
		};
		F75BA6552BA9D9F80094BEC4 /* Resources */ = {
			isa = PBXResourcesBuildPhase;
			buildActionMask = 2147483647;
			files = (
			);
			runOnlyForDeploymentPostprocessing = 0;
		};
/* End PBXResourcesBuildPhase section */

/* Begin PBXSourcesBuildPhase section */
		F75BA6392BA9D9F70094BEC4 /* Sources */ = {
			isa = PBXSourcesBuildPhase;
			buildActionMask = 2147483647;
			files = (
				F7AFB96D2BAABC1600D02061 /* ProfileView.swift in Sources */,
				F75BA6432BA9D9F70094BEC4 /* ContentView.swift in Sources */,
				F75BA6412BA9D9F70094BEC4 /* InstagramApp.swift in Sources */,
				F7AFB9702BAACA9900D02061 /* UserStatView.swift in Sources */,
				F7AFB96B2BAAB93400D02061 /* SwiftUIView.swift in Sources */,
			);
			runOnlyForDeploymentPostprocessing = 0;
		};
		F75BA6492BA9D9F80094BEC4 /* Sources */ = {
			isa = PBXSourcesBuildPhase;
			buildActionMask = 2147483647;
			files = (
				F75BA6522BA9D9F80094BEC4 /* InstagramTests.swift in Sources */,
			);
			runOnlyForDeploymentPostprocessing = 0;
		};
		F75BA6532BA9D9F80094BEC4 /* Sources */ = {
			isa = PBXSourcesBuildPhase;
			buildActionMask = 2147483647;
			files = (
				F75BA65C2BA9D9F80094BEC4 /* InstagramUITests.swift in Sources */,
				F75BA65E2BA9D9F80094BEC4 /* InstagramUITestsLaunchTests.swift in Sources */,
			);
			runOnlyForDeploymentPostprocessing = 0;
		};
/* End PBXSourcesBuildPhase section */

/* Begin PBXTargetDependency section */
		F75BA64F2BA9D9F80094BEC4 /* PBXTargetDependency */ = {
			isa = PBXTargetDependency;
			target = F75BA63C2BA9D9F70094BEC4 /* Instagram */;
			targetProxy = F75BA64E2BA9D9F80094BEC4 /* PBXContainerItemProxy */;
		};
		F75BA6592BA9D9F80094BEC4 /* PBXTargetDependency */ = {
			isa = PBXTargetDependency;
			target = F75BA63C2BA9D9F70094BEC4 /* Instagram */;
			targetProxy = F75BA6582BA9D9F80094BEC4 /* PBXContainerItemProxy */;
		};
/* End PBXTargetDependency section */

/* Begin XCBuildConfiguration section */
		F75BA65F2BA9D9F80094BEC4 /* Debug */ = {
			isa = XCBuildConfiguration;
			buildSettings = {
				ALWAYS_SEARCH_USER_PATHS = NO;
				ASSETCATALOG_COMPILER_GENERATE_SWIFT_ASSET_SYMBOL_EXTENSIONS = YES;
				CLANG_ANALYZER_NONNULL = YES;
				CLANG_ANALYZER_NUMBER_OBJECT_CONVERSION = YES_AGGRESSIVE;
				CLANG_CXX_LANGUAGE_STANDARD = "gnu++20";
				CLANG_ENABLE_MODULES = YES;
				CLANG_ENABLE_OBJC_ARC = YES;
				CLANG_ENABLE_OBJC_WEAK = YES;
				CLANG_WARN_BLOCK_CAPTURE_AUTORELEASING = YES;
				CLANG_WARN_BOOL_CONVERSION = YES;
				CLANG_WARN_COMMA = YES;
				CLANG_WARN_CONSTANT_CONVERSION = YES;
				CLANG_WARN_DEPRECATED_OBJC_IMPLEMENTATIONS = YES;
				CLANG_WARN_DIRECT_OBJC_ISA_USAGE = YES_ERROR;
				CLANG_WARN_DOCUMENTATION_COMMENTS = YES;
				CLANG_WARN_EMPTY_BODY = YES;
				CLANG_WARN_ENUM_CONVERSION = YES;
				CLANG_WARN_INFINITE_RECURSION = YES;
				CLANG_WARN_INT_CONVERSION = YES;
				CLANG_WARN_NON_LITERAL_NULL_CONVERSION = YES;
				CLANG_WARN_OBJC_IMPLICIT_RETAIN_SELF = YES;
				CLANG_WARN_OBJC_LITERAL_CONVERSION = YES;
				CLANG_WARN_OBJC_ROOT_CLASS = YES_ERROR;
				CLANG_WARN_QUOTED_INCLUDE_IN_FRAMEWORK_HEADER = YES;
				CLANG_WARN_RANGE_LOOP_ANALYSIS = YES;
				CLANG_WARN_STRICT_PROTOTYPES = YES;
				CLANG_WARN_SUSPICIOUS_MOVE = YES;
				CLANG_WARN_UNGUARDED_AVAILABILITY = YES_AGGRESSIVE;
				CLANG_WARN_UNREACHABLE_CODE = YES;
				CLANG_WARN__DUPLICATE_METHOD_MATCH = YES;
				COPY_PHASE_STRIP = NO;
				DEBUG_INFORMATION_FORMAT = dwarf;
				ENABLE_STRICT_OBJC_MSGSEND = YES;
				ENABLE_TESTABILITY = YES;
				ENABLE_USER_SCRIPT_SANDBOXING = YES;
				GCC_C_LANGUAGE_STANDARD = gnu17;
				GCC_DYNAMIC_NO_PIC = NO;
				GCC_NO_COMMON_BLOCKS = YES;
				GCC_OPTIMIZATION_LEVEL = 0;
				GCC_PREPROCESSOR_DEFINITIONS = (
					"DEBUG=1",
					"$(inherited)",
				);
				GCC_WARN_64_TO_32_BIT_CONVERSION = YES;
				GCC_WARN_ABOUT_RETURN_TYPE = YES_ERROR;
				GCC_WARN_UNDECLARED_SELECTOR = YES;
				GCC_WARN_UNINITIALIZED_AUTOS = YES_AGGRESSIVE;
				GCC_WARN_UNUSED_FUNCTION = YES;
				GCC_WARN_UNUSED_VARIABLE = YES;
				IPHONEOS_DEPLOYMENT_TARGET = 17.4;
				LOCALIZATION_PREFERS_STRING_CATALOGS = YES;
				MTL_ENABLE_DEBUG_INFO = INCLUDE_SOURCE;
				MTL_FAST_MATH = YES;
				ONLY_ACTIVE_ARCH = YES;
				SDKROOT = iphoneos;
				SWIFT_ACTIVE_COMPILATION_CONDITIONS = "DEBUG $(inherited)";
				SWIFT_OPTIMIZATION_LEVEL = "-Onone";
			};
			name = Debug;
		};
		F75BA6602BA9D9F80094BEC4 /* Release */ = {
			isa = XCBuildConfiguration;
			buildSettings = {
				ALWAYS_SEARCH_USER_PATHS = NO;
				ASSETCATALOG_COMPILER_GENERATE_SWIFT_ASSET_SYMBOL_EXTENSIONS = YES;
				CLANG_ANALYZER_NONNULL = YES;
				CLANG_ANALYZER_NUMBER_OBJECT_CONVERSION = YES_AGGRESSIVE;
				CLANG_CXX_LANGUAGE_STANDARD = "gnu++20";
				CLANG_ENABLE_MODULES = YES;
				CLANG_ENABLE_OBJC_ARC = YES;
				CLANG_ENABLE_OBJC_WEAK = YES;
				CLANG_WARN_BLOCK_CAPTURE_AUTORELEASING = YES;
				CLANG_WARN_BOOL_CONVERSION = YES;
				CLANG_WARN_COMMA = YES;
				CLANG_WARN_CONSTANT_CONVERSION = YES;
				CLANG_WARN_DEPRECATED_OBJC_IMPLEMENTATIONS = YES;
				CLANG_WARN_DIRECT_OBJC_ISA_USAGE = YES_ERROR;
				CLANG_WARN_DOCUMENTATION_COMMENTS = YES;
				CLANG_WARN_EMPTY_BODY = YES;
				CLANG_WARN_ENUM_CONVERSION = YES;
				CLANG_WARN_INFINITE_RECURSION = YES;
				CLANG_WARN_INT_CONVERSION = YES;
				CLANG_WARN_NON_LITERAL_NULL_CONVERSION = YES;
				CLANG_WARN_OBJC_IMPLICIT_RETAIN_SELF = YES;
				CLANG_WARN_OBJC_LITERAL_CONVERSION = YES;
				CLANG_WARN_OBJC_ROOT_CLASS = YES_ERROR;
				CLANG_WARN_QUOTED_INCLUDE_IN_FRAMEWORK_HEADER = YES;
				CLANG_WARN_RANGE_LOOP_ANALYSIS = YES;
				CLANG_WARN_STRICT_PROTOTYPES = YES;
				CLANG_WARN_SUSPICIOUS_MOVE = YES;
				CLANG_WARN_UNGUARDED_AVAILABILITY = YES_AGGRESSIVE;
				CLANG_WARN_UNREACHABLE_CODE = YES;
				CLANG_WARN__DUPLICATE_METHOD_MATCH = YES;
				COPY_PHASE_STRIP = NO;
				DEBUG_INFORMATION_FORMAT = "dwarf-with-dsym";
				ENABLE_NS_ASSERTIONS = NO;
				ENABLE_STRICT_OBJC_MSGSEND = YES;
				ENABLE_USER_SCRIPT_SANDBOXING = YES;
				GCC_C_LANGUAGE_STANDARD = gnu17;
				GCC_NO_COMMON_BLOCKS = YES;
				GCC_WARN_64_TO_32_BIT_CONVERSION = YES;
				GCC_WARN_ABOUT_RETURN_TYPE = YES_ERROR;
				GCC_WARN_UNDECLARED_SELECTOR = YES;
				GCC_WARN_UNINITIALIZED_AUTOS = YES_AGGRESSIVE;
				GCC_WARN_UNUSED_FUNCTION = YES;
				GCC_WARN_UNUSED_VARIABLE = YES;
				IPHONEOS_DEPLOYMENT_TARGET = 17.4;
				LOCALIZATION_PREFERS_STRING_CATALOGS = YES;
				MTL_ENABLE_DEBUG_INFO = NO;
				MTL_FAST_MATH = YES;
				SDKROOT = iphoneos;
				SWIFT_COMPILATION_MODE = wholemodule;
				VALIDATE_PRODUCT = YES;
			};
			name = Release;
		};
		F75BA6622BA9D9F80094BEC4 /* Debug */ = {
			isa = XCBuildConfiguration;
			buildSettings = {
				ASSETCATALOG_COMPILER_APPICON_NAME = AppIcon;
				ASSETCATALOG_COMPILER_GLOBAL_ACCENT_COLOR_NAME = AccentColor;
				CODE_SIGN_STYLE = Automatic;
				CURRENT_PROJECT_VERSION = 1;
				DEVELOPMENT_ASSET_PATHS = "\"Instagram/Preview Content\"";
				ENABLE_PREVIEWS = YES;
				GENERATE_INFOPLIST_FILE = YES;
				INFOPLIST_KEY_UIApplicationSceneManifest_Generation = YES;
				INFOPLIST_KEY_UIApplicationSupportsIndirectInputEvents = YES;
				INFOPLIST_KEY_UILaunchScreen_Generation = YES;
				INFOPLIST_KEY_UISupportedInterfaceOrientations_iPad = "UIInterfaceOrientationPortrait UIInterfaceOrientationPortraitUpsideDown UIInterfaceOrientationLandscapeLeft UIInterfaceOrientationLandscapeRight";
				INFOPLIST_KEY_UISupportedInterfaceOrientations_iPhone = "UIInterfaceOrientationPortrait UIInterfaceOrientationLandscapeLeft UIInterfaceOrientationLandscapeRight";
				LD_RUNPATH_SEARCH_PATHS = (
					"$(inherited)",
					"@executable_path/Frameworks",
				);
				MARKETING_VERSION = 1.0;
				PRODUCT_BUNDLE_IDENTIFIER = com.aniket.Instagram;
				PRODUCT_NAME = "$(TARGET_NAME)";
				SWIFT_EMIT_LOC_STRINGS = YES;
				SWIFT_VERSION = 5.0;
				TARGETED_DEVICE_FAMILY = "1,2";
			};
			name = Debug;
		};
		F75BA6632BA9D9F80094BEC4 /* Release */ = {
			isa = XCBuildConfiguration;
			buildSettings = {
				ASSETCATALOG_COMPILER_APPICON_NAME = AppIcon;
				ASSETCATALOG_COMPILER_GLOBAL_ACCENT_COLOR_NAME = AccentColor;
				CODE_SIGN_STYLE = Automatic;
				CURRENT_PROJECT_VERSION = 1;
				DEVELOPMENT_ASSET_PATHS = "\"Instagram/Preview Content\"";
				ENABLE_PREVIEWS = YES;
				GENERATE_INFOPLIST_FILE = YES;
				INFOPLIST_KEY_UIApplicationSceneManifest_Generation = YES;
				INFOPLIST_KEY_UIApplicationSupportsIndirectInputEvents = YES;
				INFOPLIST_KEY_UILaunchScreen_Generation = YES;
				INFOPLIST_KEY_UISupportedInterfaceOrientations_iPad = "UIInterfaceOrientationPortrait UIInterfaceOrientationPortraitUpsideDown UIInterfaceOrientationLandscapeLeft UIInterfaceOrientationLandscapeRight";
				INFOPLIST_KEY_UISupportedInterfaceOrientations_iPhone = "UIInterfaceOrientationPortrait UIInterfaceOrientationLandscapeLeft UIInterfaceOrientationLandscapeRight";
				LD_RUNPATH_SEARCH_PATHS = (
					"$(inherited)",
					"@executable_path/Frameworks",
				);
				MARKETING_VERSION = 1.0;
				PRODUCT_BUNDLE_IDENTIFIER = com.aniket.Instagram;
				PRODUCT_NAME = "$(TARGET_NAME)";
				SWIFT_EMIT_LOC_STRINGS = YES;
				SWIFT_VERSION = 5.0;
				TARGETED_DEVICE_FAMILY = "1,2";
			};
			name = Release;
		};
		F75BA6652BA9D9F80094BEC4 /* Debug */ = {
			isa = XCBuildConfiguration;
			buildSettings = {
				ALWAYS_EMBED_SWIFT_STANDARD_LIBRARIES = YES;
				BUNDLE_LOADER = "$(TEST_HOST)";
				CODE_SIGN_STYLE = Automatic;
				CURRENT_PROJECT_VERSION = 1;
				GENERATE_INFOPLIST_FILE = YES;
				IPHONEOS_DEPLOYMENT_TARGET = 17.4;
				MARKETING_VERSION = 1.0;
				PRODUCT_BUNDLE_IDENTIFIER = com.aniket.InstagramTests;
				PRODUCT_NAME = "$(TARGET_NAME)";
				SWIFT_EMIT_LOC_STRINGS = NO;
				SWIFT_VERSION = 5.0;
				TARGETED_DEVICE_FAMILY = "1,2";
				TEST_HOST = "$(BUILT_PRODUCTS_DIR)/Instagram.app/$(BUNDLE_EXECUTABLE_FOLDER_PATH)/Instagram";
			};
			name = Debug;
		};
		F75BA6662BA9D9F80094BEC4 /* Release */ = {
			isa = XCBuildConfiguration;
			buildSettings = {
				ALWAYS_EMBED_SWIFT_STANDARD_LIBRARIES = YES;
				BUNDLE_LOADER = "$(TEST_HOST)";
				CODE_SIGN_STYLE = Automatic;
				CURRENT_PROJECT_VERSION = 1;
				GENERATE_INFOPLIST_FILE = YES;
				IPHONEOS_DEPLOYMENT_TARGET = 17.4;
				MARKETING_VERSION = 1.0;
				PRODUCT_BUNDLE_IDENTIFIER = com.aniket.InstagramTests;
				PRODUCT_NAME = "$(TARGET_NAME)";
				SWIFT_EMIT_LOC_STRINGS = NO;
				SWIFT_VERSION = 5.0;
				TARGETED_DEVICE_FAMILY = "1,2";
				TEST_HOST = "$(BUILT_PRODUCTS_DIR)/Instagram.app/$(BUNDLE_EXECUTABLE_FOLDER_PATH)/Instagram";
			};
			name = Release;
		};
		F75BA6682BA9D9F80094BEC4 /* Debug */ = {
			isa = XCBuildConfiguration;
			buildSettings = {
				ALWAYS_EMBED_SWIFT_STANDARD_LIBRARIES = YES;
				CODE_SIGN_STYLE = Automatic;
				CURRENT_PROJECT_VERSION = 1;
				GENERATE_INFOPLIST_FILE = YES;
				MARKETING_VERSION = 1.0;
				PRODUCT_BUNDLE_IDENTIFIER = com.aniket.InstagramUITests;
				PRODUCT_NAME = "$(TARGET_NAME)";
				SWIFT_EMIT_LOC_STRINGS = NO;
				SWIFT_VERSION = 5.0;
				TARGETED_DEVICE_FAMILY = "1,2";
				TEST_TARGET_NAME = Instagram;
			};
			name = Debug;
		};
		F75BA6692BA9D9F80094BEC4 /* Release */ = {
			isa = XCBuildConfiguration;
			buildSettings = {
				ALWAYS_EMBED_SWIFT_STANDARD_LIBRARIES = YES;
				CODE_SIGN_STYLE = Automatic;
				CURRENT_PROJECT_VERSION = 1;
				GENERATE_INFOPLIST_FILE = YES;
				MARKETING_VERSION = 1.0;
				PRODUCT_BUNDLE_IDENTIFIER = com.aniket.InstagramUITests;
				PRODUCT_NAME = "$(TARGET_NAME)";
				SWIFT_EMIT_LOC_STRINGS = NO;
				SWIFT_VERSION = 5.0;
				TARGETED_DEVICE_FAMILY = "1,2";
				TEST_TARGET_NAME = Instagram;
			};
			name = Release;
		};
/* End XCBuildConfiguration section */

/* Begin XCConfigurationList section */
		F75BA6382BA9D9F70094BEC4 /* Build configuration list for PBXProject "Instagram" */ = {
			isa = XCConfigurationList;
			buildConfigurations = (
				F75BA65F2BA9D9F80094BEC4 /* Debug */,
				F75BA6602BA9D9F80094BEC4 /* Release */,
			);
			defaultConfigurationIsVisible = 0;
			defaultConfigurationName = Release;
		};
		F75BA6612BA9D9F80094BEC4 /* Build configuration list for PBXNativeTarget "Instagram" */ = {
			isa = XCConfigurationList;
			buildConfigurations = (
				F75BA6622BA9D9F80094BEC4 /* Debug */,
				F75BA6632BA9D9F80094BEC4 /* Release */,
			);
			defaultConfigurationIsVisible = 0;
			defaultConfigurationName = Release;
		};
		F75BA6642BA9D9F80094BEC4 /* Build configuration list for PBXNativeTarget "InstagramTests" */ = {
			isa = XCConfigurationList;
			buildConfigurations = (
				F75BA6652BA9D9F80094BEC4 /* Debug */,
				F75BA6662BA9D9F80094BEC4 /* Release */,
			);
			defaultConfigurationIsVisible = 0;
			defaultConfigurationName = Release;
		};
		F75BA6672BA9D9F80094BEC4 /* Build configuration list for PBXNativeTarget "InstagramUITests" */ = {
			isa = XCConfigurationList;
			buildConfigurations = (
				F75BA6682BA9D9F80094BEC4 /* Debug */,
				F75BA6692BA9D9F80094BEC4 /* Release */,
			);
			defaultConfigurationIsVisible = 0;
			defaultConfigurationName = Release;
		};
/* End XCConfigurationList section */
	};
	rootObject = F75BA6352BA9D9F70094BEC4 /* Project object */;
}
